
Microsoft Visual Studio Solution File, Format Version 12.00
Project("{FAE04EC0-301F-11D3-BF4B-00C04F79EFBC}") = "CodeGenSonarr", "CodeGenSonarr\CodeGenSonarr.csproj", "{66791EF8-0740-4B2E-A81F-BB10F39771E1}"
EndProject
Global
	GlobalSection(SolutionConfigurationPlatforms) = preSolution
		Debug|Any CPU = Debug|Any CPU
		Release|Any CPU = Release|Any CPU
	EndGlobalSection
	GlobalSection(ProjectConfigurationPlatforms) = postSolution
		{66791EF8-0740-4B2E-A81F-BB10F39771E1}.Debug|Any CPU.ActiveCfg = Debug|Any CPU
		{66791EF8-0740-4B2E-A81F-BB10F39771E1}.Debug|Any CPU.Build.0 = Debug|Any CPU
		{66791EF8-0740-4B2E-A81F-BB10F39771E1}.Release|Any CPU.ActiveCfg = Release|Any CPU
		{66791EF8-0740-4B2E-A81F-BB10F39771E1}.Release|Any CPU.Build.0 = Release|Any CPU
	EndGlobalSection
EndGlobal
