
Microsoft Visual Studio Solution File, Format Version 12.00
# Visual Studio Version 17
VisualStudioVersion = 17.0.31717.71
MinimumVisualStudioVersion = 10.0.40219.1
Project("{2150E333-8FDC-42A3-9474-1A3956D46DE8}") = "src", "src", "{649A3FFA-182F-4E56-9717-E6A9A2BEC545}"
EndProject
Project("{2150E333-8FDC-42A3-9474-1A3956D46DE8}") = "test", "test", "{CCD2960C-23CC-4AB4-B84D-60C7AAA52F4D}"
EndProject
Project("{2150E333-8FDC-42A3-9474-1A3956D46DE8}") = "shared", "shared", "{7F473F32-5DE3-4377-9842-0833FC6E2310}"
EndProject
Project("{2150E333-8FDC-42A3-9474-1A3956D46DE8}") = "services", "services", "{034D87FB-4288-4749-9FC0-CE1408B1EFB7}"
EndProject
Project("{FAE04EC0-301F-11D3-BF4B-00C04F79EFBC}") = "MediaInAction.AdministrationService.Domain", "services\administration\src\MediaInAction.AdministrationService.Domain\MediaInAction.AdministrationService.Domain.csproj", "{93A01D12-2B66-4566-ABE6-E7B1539063E0}"
EndProject
Project("{FAE04EC0-301F-11D3-BF4B-00C04F79EFBC}") = "MediaInAction.AdministrationService.Domain.Shared", "services\administration\src\MediaInAction.AdministrationService.Domain.Shared\MediaInAction.AdministrationService.Domain.Shared.csproj", "{02734F98-B691-4109-BA68-DB92334A32F1}"
EndProject
Project("{FAE04EC0-301F-11D3-BF4B-00C04F79EFBC}") = "MediaInAction.AdministrationService.EntityFrameworkCore", "services\administration\src\MediaInAction.AdministrationService.EntityFrameworkCore\MediaInAction.AdministrationService.EntityFrameworkCore.csproj", "{68E96F86-23D0-4129-913F-D441DC846AB2}"
EndProject
Project("{FAE04EC0-301F-11D3-BF4B-00C04F79EFBC}") = "MediaInAction.Shared.Domain", "shared\MediaInAction.Shared.Domain\MediaInAction.Shared.Domain.csproj", "{A8D099FE-5E22-45C8-9615-AF6AE898F727}"
EndProject
Project("{FAE04EC0-301F-11D3-BF4B-00C04F79EFBC}") = "MediaInAction.Shared.Grpc", "shared\MediaInAction.Shared.Grpc\MediaInAction.Shared.Grpc.csproj", "{7307EF78-247B-4E29-ADAD-9388F8DD5F35}"
EndProject
Project("{FAE04EC0-301F-11D3-BF4B-00C04F79EFBC}") = "MediaInAction.Shared.Hosting", "shared\MediaInAction.Shared.Hosting\MediaInAction.Shared.Hosting.csproj", "{AABC3CAA-447B-40E7-8F47-F4826BF14400}"
EndProject
Project("{FAE04EC0-301F-11D3-BF4B-00C04F79EFBC}") = "MediaInAction.Shared.Hosting.AspNetCore", "shared\MediaInAction.Shared.Hosting.AspNetCore\MediaInAction.Shared.Hosting.AspNetCore.csproj", "{AC6E1274-253D-4109-8BC3-E735111EF79E}"
EndProject
Project("{FAE04EC0-301F-11D3-BF4B-00C04F79EFBC}") = "MediaInAction.Shared.Hosting.Microservices", "shared\MediaInAction.Shared.Hosting.Microservices\MediaInAction.Shared.Hosting.Microservices.csproj", "{71AB4BC7-7119-4344-B175-5CD2A0740B8C}"
EndProject
Project("{FAE04EC0-301F-11D3-BF4B-00C04F79EFBC}") = "MediaInAction.Shared.Localization", "shared\MediaInAction.Shared.Localization\MediaInAction.Shared.Localization.csproj", "{F96F2ECB-8F19-4EEE-B8D4-A2C333004153}"
EndProject
Project("{FAE04EC0-301F-11D3-BF4B-00C04F79EFBC}") = "MediaInAction.VideoService.Application", "services\video\src\MediaInAction.VideoService.Application\MediaInAction.VideoService.Application.csproj", "{3052439D-70EF-451C-9B82-856C95C70260}"
EndProject
Project("{FAE04EC0-301F-11D3-BF4B-00C04F79EFBC}") = "MediaInAction.VideoService.Application.Contracts", "services\video\src\MediaInAction.VideoService.Application.Contracts\MediaInAction.VideoService.Application.Contracts.csproj", "{A2D14FA6-CD15-4D01-971F-D78E3080C8D8}"
EndProject
Project("{2150E333-8FDC-42A3-9474-1A3956D46DE8}") = "aspire", "aspire", "{A4D7E2BD-D162-4957-8718-1F06DDE65627}"
EndProject
Project("{2150E333-8FDC-42A3-9474-1A3956D46DE8}") = "apps", "apps", "{451DF131-C0A3-403E-8D51-451E9C95EB0B}"
EndProject
Project("{FAE04EC0-301F-11D3-BF4B-00C04F79EFBC}") = "MediaInAction.VideoService.Domain.Shared", "services\video\src\MediaInAction.VideoService.Domain.Shared\MediaInAction.VideoService.Domain.Shared.csproj", "{F5FE38D3-800B-4E13-A443-0B3D674AC4C4}"
EndProject
Project("{FAE04EC0-301F-11D3-BF4B-00C04F79EFBC}") = "MediaInAction.VideoService.Domain", "services\video\src\MediaInAction.VideoService.Domain\MediaInAction.VideoService.Domain.csproj", "{BE7F8629-30C0-46E1-B9C2-5C71F61ACAE1}"
EndProject
Project("{FAE04EC0-301F-11D3-BF4B-00C04F79EFBC}") = "MediaInAction.VideoService.EntityFrameworkCore", "services\video\src\MediaInAction.VideoService.EntityFrameworkCore\MediaInAction.VideoService.EntityFrameworkCore.csproj", "{5D285E7E-71D2-4F0A-83B7-F070BF74B8CC}"
EndProject
Project("{FAE04EC0-301F-11D3-BF4B-00C04F79EFBC}") = "MediaInAction.VideoService.HttpApi", "services\video\src\MediaInAction.VideoService.HttpApi\MediaInAction.VideoService.HttpApi.csproj", "{7E5F1354-D44D-4A08-905C-671E33B6B920}"
EndProject
Project("{FAE04EC0-301F-11D3-BF4B-00C04F79EFBC}") = "MediaInAction.VideoService.HttpApi.Client", "services\video\src\MediaInAction.VideoService.HttpApi.Client\MediaInAction.VideoService.HttpApi.Client.csproj", "{6FACBC84-F564-4941-A997-F55EDC9AB948}"
EndProject
Project("{FAE04EC0-301F-11D3-BF4B-00C04F79EFBC}") = "MediaInAction.VideoService.HttpApi.Host", "services\video\src\MediaInAction.VideoService.HttpApi.Host\MediaInAction.VideoService.HttpApi.Host.csproj", "{8C6E0DA2-03B5-4DA7-B584-165EC23B0939}"
EndProject
Project("{FAE04EC0-301F-11D3-BF4B-00C04F79EFBC}") = "MediaInAction.VideoService.Application.Tests", "services\video\test\MediaInAction.VideoService.Application.Tests\MediaInAction.VideoService.Application.Tests.csproj", "{A9FFD346-772D-46DD-A565-B6E4BBC7EAF5}"
EndProject
Project("{FAE04EC0-301F-11D3-BF4B-00C04F79EFBC}") = "MediaInAction.VideoService.EntityFrameworkCore.Tests", "services\video\test\MediaInAction.VideoService.EntityFrameworkCore.Tests\MediaInAction.VideoService.EntityFrameworkCore.Tests.csproj", "{F786FBFD-58C7-462C-B648-17569045DC4D}"
EndProject
Project("{FAE04EC0-301F-11D3-BF4B-00C04F79EFBC}") = "MediaInAction.VideoService.Domain.Tests", "services\video\test\MediaInAction.VideoService.Domain.Tests\MediaInAction.VideoService.Domain.Tests.csproj", "{EEBB1B25-BAEB-4AB7-BA29-6B288830A5F3}"
EndProject
Project("{FAE04EC0-301F-11D3-BF4B-00C04F79EFBC}") = "MediaInAction.VideoService.HttpApi.Client.ConsoleTestApp", "services\video\test\MediaInAction.VideoService.HttpApi.Client.ConsoleTestApp\MediaInAction.VideoService.HttpApi.Client.ConsoleTestApp.csproj", "{41D1EF0F-1EB7-41CD-A0DB-AF68F54CF0EC}"
EndProject
Project("{FAE04EC0-301F-11D3-BF4B-00C04F79EFBC}") = "MediaInAction.VideoService.TestBase", "services\video\test\MediaInAction.VideoService.TestBase\MediaInAction.VideoService.TestBase.csproj", "{C21224F3-D2EA-43FD-B704-B325E7B64D90}"
EndProject
Project("{FAE04EC0-301F-11D3-BF4B-00C04F79EFBC}") = "MediaInAction.AppHost", "aspire\AppHost\MediaInAction.AppHost.csproj", "{C47B5059-0F10-46A0-88C6-AA65799214C8}"
EndProject
Project("{FAE04EC0-301F-11D3-BF4B-00C04F79EFBC}") = "MediaInAction.ServiceDefaults", "aspire\ServiceDefaults\MediaInAction.ServiceDefaults.csproj", "{186DFED9-AF86-4D0B-838C-9DF0D0D92489}"
EndProject
Project("{2150E333-8FDC-42A3-9474-1A3956D46DE8}") = "administration", "administration", "{927E9B5A-ED1C-4137-B2BF-902DBC62ACC4}"
EndProject
Project("{2150E333-8FDC-42A3-9474-1A3956D46DE8}") = "identity", "identity", "{75C34FC7-1C1F-4ED4-88D3-37E143E11B24}"
EndProject
Project("{2150E333-8FDC-42A3-9474-1A3956D46DE8}") = "video", "video", "{AF5C10F8-ED3A-4EDC-942E-15C0422A294B}"
EndProject
Global
	GlobalSection(SolutionConfigurationPlatforms) = preSolution
		Debug|Any CPU = Debug|Any CPU
		Release|Any CPU = Release|Any CPU
	EndGlobalSection
	GlobalSection(ProjectConfigurationPlatforms) = postSolution
		{93A01D12-2B66-4566-ABE6-E7B1539063E0}.Debug|Any CPU.ActiveCfg = Debug|Any CPU
		{93A01D12-2B66-4566-ABE6-E7B1539063E0}.Debug|Any CPU.Build.0 = Debug|Any CPU
		{93A01D12-2B66-4566-ABE6-E7B1539063E0}.Release|Any CPU.ActiveCfg = Release|Any CPU
		{93A01D12-2B66-4566-ABE6-E7B1539063E0}.Release|Any CPU.Build.0 = Release|Any CPU
		{02734F98-B691-4109-BA68-DB92334A32F1}.Debug|Any CPU.ActiveCfg = Debug|Any CPU
		{02734F98-B691-4109-BA68-DB92334A32F1}.Debug|Any CPU.Build.0 = Debug|Any CPU
		{02734F98-B691-4109-BA68-DB92334A32F1}.Release|Any CPU.ActiveCfg = Release|Any CPU
		{02734F98-B691-4109-BA68-DB92334A32F1}.Release|Any CPU.Build.0 = Release|Any CPU
		{68E96F86-23D0-4129-913F-D441DC846AB2}.Debug|Any CPU.ActiveCfg = Debug|Any CPU
		{68E96F86-23D0-4129-913F-D441DC846AB2}.Debug|Any CPU.Build.0 = Debug|Any CPU
		{68E96F86-23D0-4129-913F-D441DC846AB2}.Release|Any CPU.ActiveCfg = Release|Any CPU
		{68E96F86-23D0-4129-913F-D441DC846AB2}.Release|Any CPU.Build.0 = Release|Any CPU
		{A8D099FE-5E22-45C8-9615-AF6AE898F727}.Debug|Any CPU.ActiveCfg = Debug|Any CPU
		{A8D099FE-5E22-45C8-9615-AF6AE898F727}.Debug|Any CPU.Build.0 = Debug|Any CPU
		{A8D099FE-5E22-45C8-9615-AF6AE898F727}.Release|Any CPU.ActiveCfg = Release|Any CPU
		{A8D099FE-5E22-45C8-9615-AF6AE898F727}.Release|Any CPU.Build.0 = Release|Any CPU
		{7307EF78-247B-4E29-ADAD-9388F8DD5F35}.Debug|Any CPU.ActiveCfg = Debug|Any CPU
		{7307EF78-247B-4E29-ADAD-9388F8DD5F35}.Debug|Any CPU.Build.0 = Debug|Any CPU
		{7307EF78-247B-4E29-ADAD-9388F8DD5F35}.Release|Any CPU.ActiveCfg = Release|Any CPU
		{7307EF78-247B-4E29-ADAD-9388F8DD5F35}.Release|Any CPU.Build.0 = Release|Any CPU
		{AABC3CAA-447B-40E7-8F47-F4826BF14400}.Debug|Any CPU.ActiveCfg = Debug|Any CPU
		{AABC3CAA-447B-40E7-8F47-F4826BF14400}.Debug|Any CPU.Build.0 = Debug|Any CPU
		{AABC3CAA-447B-40E7-8F47-F4826BF14400}.Release|Any CPU.ActiveCfg = Release|Any CPU
		{AABC3CAA-447B-40E7-8F47-F4826BF14400}.Release|Any CPU.Build.0 = Release|Any CPU
		{AC6E1274-253D-4109-8BC3-E735111EF79E}.Debug|Any CPU.ActiveCfg = Debug|Any CPU
		{AC6E1274-253D-4109-8BC3-E735111EF79E}.Debug|Any CPU.Build.0 = Debug|Any CPU
		{AC6E1274-253D-4109-8BC3-E735111EF79E}.Release|Any CPU.ActiveCfg = Release|Any CPU
		{AC6E1274-253D-4109-8BC3-E735111EF79E}.Release|Any CPU.Build.0 = Release|Any CPU
		{71AB4BC7-7119-4344-B175-5CD2A0740B8C}.Debug|Any CPU.ActiveCfg = Debug|Any CPU
		{71AB4BC7-7119-4344-B175-5CD2A0740B8C}.Debug|Any CPU.Build.0 = Debug|Any CPU
		{71AB4BC7-7119-4344-B175-5CD2A0740B8C}.Release|Any CPU.ActiveCfg = Release|Any CPU
		{71AB4BC7-7119-4344-B175-5CD2A0740B8C}.Release|Any CPU.Build.0 = Release|Any CPU
		{F96F2ECB-8F19-4EEE-B8D4-A2C333004153}.Debug|Any CPU.ActiveCfg = Debug|Any CPU
		{F96F2ECB-8F19-4EEE-B8D4-A2C333004153}.Debug|Any CPU.Build.0 = Debug|Any CPU
		{F96F2ECB-8F19-4EEE-B8D4-A2C333004153}.Release|Any CPU.ActiveCfg = Release|Any CPU
		{F96F2ECB-8F19-4EEE-B8D4-A2C333004153}.Release|Any CPU.Build.0 = Release|Any CPU
		{3052439D-70EF-451C-9B82-856C95C70260}.Debug|Any CPU.ActiveCfg = Debug|Any CPU
		{3052439D-70EF-451C-9B82-856C95C70260}.Debug|Any CPU.Build.0 = Debug|Any CPU
		{3052439D-70EF-451C-9B82-856C95C70260}.Release|Any CPU.ActiveCfg = Release|Any CPU
		{3052439D-70EF-451C-9B82-856C95C70260}.Release|Any CPU.Build.0 = Release|Any CPU
		{A2D14FA6-CD15-4D01-971F-D78E3080C8D8}.Debug|Any CPU.ActiveCfg = Debug|Any CPU
		{A2D14FA6-CD15-4D01-971F-D78E3080C8D8}.Debug|Any CPU.Build.0 = Debug|Any CPU
		{A2D14FA6-CD15-4D01-971F-D78E3080C8D8}.Release|Any CPU.ActiveCfg = Release|Any CPU
		{A2D14FA6-CD15-4D01-971F-D78E3080C8D8}.Release|Any CPU.Build.0 = Release|Any CPU
		{F5FE38D3-800B-4E13-A443-0B3D674AC4C4}.Debug|Any CPU.ActiveCfg = Debug|Any CPU
		{F5FE38D3-800B-4E13-A443-0B3D674AC4C4}.Debug|Any CPU.Build.0 = Debug|Any CPU
		{F5FE38D3-800B-4E13-A443-0B3D674AC4C4}.Release|Any CPU.ActiveCfg = Release|Any CPU
		{F5FE38D3-800B-4E13-A443-0B3D674AC4C4}.Release|Any CPU.Build.0 = Release|Any CPU
		{BE7F8629-30C0-46E1-B9C2-5C71F61ACAE1}.Debug|Any CPU.ActiveCfg = Debug|Any CPU
		{BE7F8629-30C0-46E1-B9C2-5C71F61ACAE1}.Debug|Any CPU.Build.0 = Debug|Any CPU
		{BE7F8629-30C0-46E1-B9C2-5C71F61ACAE1}.Release|Any CPU.ActiveCfg = Release|Any CPU
		{BE7F8629-30C0-46E1-B9C2-5C71F61ACAE1}.Release|Any CPU.Build.0 = Release|Any CPU
		{5D285E7E-71D2-4F0A-83B7-F070BF74B8CC}.Debug|Any CPU.ActiveCfg = Debug|Any CPU
		{5D285E7E-71D2-4F0A-83B7-F070BF74B8CC}.Debug|Any CPU.Build.0 = Debug|Any CPU
		{5D285E7E-71D2-4F0A-83B7-F070BF74B8CC}.Release|Any CPU.ActiveCfg = Release|Any CPU
		{5D285E7E-71D2-4F0A-83B7-F070BF74B8CC}.Release|Any CPU.Build.0 = Release|Any CPU
		{7E5F1354-D44D-4A08-905C-671E33B6B920}.Debug|Any CPU.ActiveCfg = Debug|Any CPU
		{7E5F1354-D44D-4A08-905C-671E33B6B920}.Debug|Any CPU.Build.0 = Debug|Any CPU
		{7E5F1354-D44D-4A08-905C-671E33B6B920}.Release|Any CPU.ActiveCfg = Release|Any CPU
		{7E5F1354-D44D-4A08-905C-671E33B6B920}.Release|Any CPU.Build.0 = Release|Any CPU
		{6FACBC84-F564-4941-A997-F55EDC9AB948}.Debug|Any CPU.ActiveCfg = Debug|Any CPU
		{6FACBC84-F564-4941-A997-F55EDC9AB948}.Debug|Any CPU.Build.0 = Debug|Any CPU
		{6FACBC84-F564-4941-A997-F55EDC9AB948}.Release|Any CPU.ActiveCfg = Release|Any CPU
		{6FACBC84-F564-4941-A997-F55EDC9AB948}.Release|Any CPU.Build.0 = Release|Any CPU
		{8C6E0DA2-03B5-4DA7-B584-165EC23B0939}.Debug|Any CPU.ActiveCfg = Debug|Any CPU
		{8C6E0DA2-03B5-4DA7-B584-165EC23B0939}.Debug|Any CPU.Build.0 = Debug|Any CPU
		{8C6E0DA2-03B5-4DA7-B584-165EC23B0939}.Release|Any CPU.ActiveCfg = Release|Any CPU
		{8C6E0DA2-03B5-4DA7-B584-165EC23B0939}.Release|Any CPU.Build.0 = Release|Any CPU
		{A9FFD346-772D-46DD-A565-B6E4BBC7EAF5}.Debug|Any CPU.ActiveCfg = Debug|Any CPU
		{A9FFD346-772D-46DD-A565-B6E4BBC7EAF5}.Debug|Any CPU.Build.0 = Debug|Any CPU
		{A9FFD346-772D-46DD-A565-B6E4BBC7EAF5}.Release|Any CPU.ActiveCfg = Release|Any CPU
		{A9FFD346-772D-46DD-A565-B6E4BBC7EAF5}.Release|Any CPU.Build.0 = Release|Any CPU
		{F786FBFD-58C7-462C-B648-17569045DC4D}.Debug|Any CPU.ActiveCfg = Debug|Any CPU
		{F786FBFD-58C7-462C-B648-17569045DC4D}.Debug|Any CPU.Build.0 = Debug|Any CPU
		{F786FBFD-58C7-462C-B648-17569045DC4D}.Release|Any CPU.ActiveCfg = Release|Any CPU
		{F786FBFD-58C7-462C-B648-17569045DC4D}.Release|Any CPU.Build.0 = Release|Any CPU
		{EEBB1B25-BAEB-4AB7-BA29-6B288830A5F3}.Debug|Any CPU.ActiveCfg = Debug|Any CPU
		{EEBB1B25-BAEB-4AB7-BA29-6B288830A5F3}.Debug|Any CPU.Build.0 = Debug|Any CPU
		{EEBB1B25-BAEB-4AB7-BA29-6B288830A5F3}.Release|Any CPU.ActiveCfg = Release|Any CPU
		{EEBB1B25-BAEB-4AB7-BA29-6B288830A5F3}.Release|Any CPU.Build.0 = Release|Any CPU
		{41D1EF0F-1EB7-41CD-A0DB-AF68F54CF0EC}.Debug|Any CPU.ActiveCfg = Debug|Any CPU
		{41D1EF0F-1EB7-41CD-A0DB-AF68F54CF0EC}.Debug|Any CPU.Build.0 = Debug|Any CPU
		{41D1EF0F-1EB7-41CD-A0DB-AF68F54CF0EC}.Release|Any CPU.ActiveCfg = Release|Any CPU
		{41D1EF0F-1EB7-41CD-A0DB-AF68F54CF0EC}.Release|Any CPU.Build.0 = Release|Any CPU
		{C21224F3-D2EA-43FD-B704-B325E7B64D90}.Debug|Any CPU.ActiveCfg = Debug|Any CPU
		{C21224F3-D2EA-43FD-B704-B325E7B64D90}.Debug|Any CPU.Build.0 = Debug|Any CPU
		{C21224F3-D2EA-43FD-B704-B325E7B64D90}.Release|Any CPU.ActiveCfg = Release|Any CPU
		{C21224F3-D2EA-43FD-B704-B325E7B64D90}.Release|Any CPU.Build.0 = Release|Any CPU
		{C47B5059-0F10-46A0-88C6-AA65799214C8}.Debug|Any CPU.ActiveCfg = Debug|Any CPU
		{C47B5059-0F10-46A0-88C6-AA65799214C8}.Debug|Any CPU.Build.0 = Debug|Any CPU
		{C47B5059-0F10-46A0-88C6-AA65799214C8}.Release|Any CPU.ActiveCfg = Release|Any CPU
		{C47B5059-0F10-46A0-88C6-AA65799214C8}.Release|Any CPU.Build.0 = Release|Any CPU
		{186DFED9-AF86-4D0B-838C-9DF0D0D92489}.Debug|Any CPU.ActiveCfg = Debug|Any CPU
		{186DFED9-AF86-4D0B-838C-9DF0D0D92489}.Debug|Any CPU.Build.0 = Debug|Any CPU
		{186DFED9-AF86-4D0B-838C-9DF0D0D92489}.Release|Any CPU.ActiveCfg = Release|Any CPU
		{186DFED9-AF86-4D0B-838C-9DF0D0D92489}.Release|Any CPU.Build.0 = Release|Any CPU
	EndGlobalSection
	GlobalSection(SolutionProperties) = preSolution
		HideSolutionNode = FALSE
	EndGlobalSection
	GlobalSection(NestedProjects) = preSolution
		{A8D099FE-5E22-45C8-9615-AF6AE898F727} = {7F473F32-5DE3-4377-9842-0833FC6E2310}
		{7307EF78-247B-4E29-ADAD-9388F8DD5F35} = {7F473F32-5DE3-4377-9842-0833FC6E2310}
		{AABC3CAA-447B-40E7-8F47-F4826BF14400} = {7F473F32-5DE3-4377-9842-0833FC6E2310}
		{AC6E1274-253D-4109-8BC3-E735111EF79E} = {7F473F32-5DE3-4377-9842-0833FC6E2310}
		{71AB4BC7-7119-4344-B175-5CD2A0740B8C} = {7F473F32-5DE3-4377-9842-0833FC6E2310}
		{F96F2ECB-8F19-4EEE-B8D4-A2C333004153} = {7F473F32-5DE3-4377-9842-0833FC6E2310}
		{3052439D-70EF-451C-9B82-856C95C70260} = {649A3FFA-182F-4E56-9717-E6A9A2BEC545}
		{A2D14FA6-CD15-4D01-971F-D78E3080C8D8} = {649A3FFA-182F-4E56-9717-E6A9A2BEC545}
		{F5FE38D3-800B-4E13-A443-0B3D674AC4C4} = {649A3FFA-182F-4E56-9717-E6A9A2BEC545}
		{BE7F8629-30C0-46E1-B9C2-5C71F61ACAE1} = {649A3FFA-182F-4E56-9717-E6A9A2BEC545}
		{5D285E7E-71D2-4F0A-83B7-F070BF74B8CC} = {649A3FFA-182F-4E56-9717-E6A9A2BEC545}
		{7E5F1354-D44D-4A08-905C-671E33B6B920} = {649A3FFA-182F-4E56-9717-E6A9A2BEC545}
		{6FACBC84-F564-4941-A997-F55EDC9AB948} = {649A3FFA-182F-4E56-9717-E6A9A2BEC545}
		{8C6E0DA2-03B5-4DA7-B584-165EC23B0939} = {649A3FFA-182F-4E56-9717-E6A9A2BEC545}
		{A9FFD346-772D-46DD-A565-B6E4BBC7EAF5} = {CCD2960C-23CC-4AB4-B84D-60C7AAA52F4D}
		{F786FBFD-58C7-462C-B648-17569045DC4D} = {CCD2960C-23CC-4AB4-B84D-60C7AAA52F4D}
		{EEBB1B25-BAEB-4AB7-BA29-6B288830A5F3} = {CCD2960C-23CC-4AB4-B84D-60C7AAA52F4D}
		{41D1EF0F-1EB7-41CD-A0DB-AF68F54CF0EC} = {CCD2960C-23CC-4AB4-B84D-60C7AAA52F4D}
		{C21224F3-D2EA-43FD-B704-B325E7B64D90} = {CCD2960C-23CC-4AB4-B84D-60C7AAA52F4D}
		{C47B5059-0F10-46A0-88C6-AA65799214C8} = {A4D7E2BD-D162-4957-8718-1F06DDE65627}
		{186DFED9-AF86-4D0B-838C-9DF0D0D92489} = {A4D7E2BD-D162-4957-8718-1F06DDE65627}
		{927E9B5A-ED1C-4137-B2BF-902DBC62ACC4} = {034D87FB-4288-4749-9FC0-CE1408B1EFB7}
		{75C34FC7-1C1F-4ED4-88D3-37E143E11B24} = {034D87FB-4288-4749-9FC0-CE1408B1EFB7}
		{AF5C10F8-ED3A-4EDC-942E-15C0422A294B} = {034D87FB-4288-4749-9FC0-CE1408B1EFB7}
		{93A01D12-2B66-4566-ABE6-E7B1539063E0} = {927E9B5A-ED1C-4137-B2BF-902DBC62ACC4}
		{02734F98-B691-4109-BA68-DB92334A32F1} = {927E9B5A-ED1C-4137-B2BF-902DBC62ACC4}
		{68E96F86-23D0-4129-913F-D441DC846AB2} = {927E9B5A-ED1C-4137-B2BF-902DBC62ACC4}
		{649A3FFA-182F-4E56-9717-E6A9A2BEC545} = {AF5C10F8-ED3A-4EDC-942E-15C0422A294B}
		{CCD2960C-23CC-4AB4-B84D-60C7AAA52F4D} = {AF5C10F8-ED3A-4EDC-942E-15C0422A294B}
	EndGlobalSection
	GlobalSection(ExtensibilityGlobals) = postSolution
		SolutionGuid = {6AAFA1C6-603E-13FA-45E5-7910AA9F661D}
	EndGlobalSection
EndGlobal
