
Microsoft Visual Studio Solution File, Format Version 12.00
# Visual Studio Version 17
VisualStudioVersion = 17.5.002.0
MinimumVisualStudioVersion = 10.0.40219.1
Project("{9A19103F-16F7-4668-BE54-9A1E7A4F7556}") = "CodeGenSonarr", "CodeGenSonarr.csproj", "{D1727740-6E9E-4246-A17F-9D7644CED13B}"
EndProject
Global
	GlobalSection(SolutionConfigurationPlatforms) = preSolution
		Debug|Any CPU = Debug|Any CPU
		Release|Any CPU = Release|Any CPU
	EndGlobalSection
	GlobalSection(ProjectConfigurationPlatforms) = postSolution
		{D1727740-6E9E-4246-A17F-9D7644CED13B}.Debug|Any CPU.ActiveCfg = Debug|Any CPU
		{D1727740-6E9E-4246-A17F-9D7644CED13B}.Debug|Any CPU.Build.0 = Debug|Any CPU
		{D1727740-6E9E-4246-A17F-9D7644CED13B}.Release|Any CPU.ActiveCfg = Release|Any CPU
		{D1727740-6E9E-4246-A17F-9D7644CED13B}.Release|Any CPU.Build.0 = Release|Any CPU
	EndGlobalSection
	GlobalSection(SolutionProperties) = preSolution
		HideSolutionNode = FALSE
	EndGlobalSection
	GlobalSection(ExtensibilityGlobals) = postSolution
		SolutionGuid = {4AD7FC57-B845-4A38-AA4C-41ED9D751B66}
	EndGlobalSection
EndGlobal
