
Microsoft Visual Studio Solution File, Format Version 12.00
# Visual Studio Version 17
VisualStudioVersion = 17.0.31717.71
MinimumVisualStudioVersion = 10.0.40219.1
Project("{9A19103F-16F7-4668-BE54-9A1E7A4F7556}") = "MediaInAction.TraktService.Domain", "src\MediaInAction.TraktService.Domain\MediaInAction.TraktService.Domain.csproj", "{554AD327-6DBA-4F8F-96F8-81CE7A0C863F}"
EndProject
Project("{9A19103F-16F7-4668-BE54-9A1E7A4F7556}") = "MediaInAction.TraktService.Application", "src\MediaInAction.TraktService.Application\MediaInAction.TraktService.Application.csproj", "{1A94A50E-06DC-43C1-80B5-B662820EC3EB}"
EndProject
Project("{2150E333-8FDC-42A3-9474-1A3956D46DE8}") = "src", "src", "{CA9AC87F-097E-4F15-8393-4BC07735A5B0}"
EndProject
Project("{2150E333-8FDC-42A3-9474-1A3956D46DE8}") = "test", "test", "{04DBDB01-70F4-4E06-B468-8F87850B22BE}"
EndProject
Project("{9A19103F-16F7-4668-BE54-9A1E7A4F7556}") = "MediaInAction.TraktService.Application.Tests", "test\MediaInAction.TraktService.Application.Tests\MediaInAction.TraktService.Application.Tests.csproj", "{50B2631D-129C-47B3-A587-029CCD6099BC}"
EndProject
Project("{9A19103F-16F7-4668-BE54-9A1E7A4F7556}") = "MediaInAction.TraktService.Domain.Shared", "src\MediaInAction.TraktService.Domain.Shared\MediaInAction.TraktService.Domain.Shared.csproj", "{42F719ED-8413-4895-B5B4-5AB56079BC66}"
EndProject
Project("{9A19103F-16F7-4668-BE54-9A1E7A4F7556}") = "MediaInAction.TraktService.Application.Contracts", "src\MediaInAction.TraktService.Application.Contracts\MediaInAction.TraktService.Application.Contracts.csproj", "{520659C8-C734-4298-A3DA-B539DB9DFC0B}"
EndProject
Project("{9A19103F-16F7-4668-BE54-9A1E7A4F7556}") = "MediaInAction.TraktService.HttpApi", "src\MediaInAction.TraktService.HttpApi\MediaInAction.TraktService.HttpApi.csproj", "{4164BDF7-F527-4E85-9CE6-E3C2D7426A27}"
EndProject
Project("{9A19103F-16F7-4668-BE54-9A1E7A4F7556}") = "MediaInAction.TraktService.HttpApi.Client", "src\MediaInAction.TraktService.HttpApi.Client\MediaInAction.TraktService.HttpApi.Client.csproj", "{3B5A0094-670D-4BB1-BFDD-61B88A8773DC}"
EndProject
Project("{9A19103F-16F7-4668-BE54-9A1E7A4F7556}") = "MediaInAction.TraktService.TestBase", "test\MediaInAction.TraktService.TestBase\MediaInAction.TraktService.TestBase.csproj", "{91853F21-9CD9-4132-BC29-A7D5D84FFFE7}"
EndProject
Project("{9A19103F-16F7-4668-BE54-9A1E7A4F7556}") = "MediaInAction.TraktService.Domain.Tests", "test\MediaInAction.TraktService.Domain.Tests\MediaInAction.TraktService.Domain.Tests.csproj", "{E512F4D9-9375-480F-A2F6-A46509F9D824}"
EndProject
Project("{9A19103F-16F7-4668-BE54-9A1E7A4F7556}") = "MediaInAction.TraktService.HttpApi.Host", "src\MediaInAction.TraktService.HttpApi.Host\MediaInAction.TraktService.HttpApi.Host.csproj", "{748584B1-BA69-4F6A-81AA-F4BDE6BCE29D}"
EndProject
Project("{FAE04EC0-301F-11D3-BF4B-00C04F79EFBC}") = "MediaInAction.TraktService.MongoDB", "src\MediaInAction.TraktService.MongoDB\MediaInAction.TraktService.MongoDB.csproj", "{5D15000F-E6C4-45ED-96BC-6B6A029BA584}"
EndProject
Project("{FAE04EC0-301F-11D3-BF4B-00C04F79EFBC}") = "MediaInAction.TraktService.MongoDB.Tests", "test\MediaInAction.TraktService.MongoDB.Tests\MediaInAction.TraktService.MongoDB.Tests.csproj", "{353E567B-0519-4768-92DD-DC88E318E5B6}"
EndProject
Project("{2150E333-8FDC-42A3-9474-1A3956D46DE8}") = "shared", "shared", "{A6E6DB6F-8E7F-4D3F-B29B-FEC57B4E8B3B}"
EndProject
Project("{2150E333-8FDC-42A3-9474-1A3956D46DE8}") = "serviceLinks", "serviceLinks", "{94ADF529-3C84-42BA-BC72-4B8302FBDC08}"
EndProject
Project("{FAE04EC0-301F-11D3-BF4B-00C04F79EFBC}") = "MediaInAction.Shared.Hosting.AspNetCore", "..\..\shared\MediaInAction.Shared.Hosting.AspNetCore\MediaInAction.Shared.Hosting.AspNetCore.csproj", "{0EB60AD1-C0CE-4728-8945-60FAB0C7D5AB}"
EndProject
Project("{FAE04EC0-301F-11D3-BF4B-00C04F79EFBC}") = "MediaInAction.TraktService.Bg.Workers", "src\MediaInAction.TraktService.Bg.Workers\MediaInAction.TraktService.Bg.Workers.csproj", "{5769439C-7475-444C-9410-0B48F33AFA20}"
EndProject
Project("{FAE04EC0-301F-11D3-BF4B-00C04F79EFBC}") = "MediaInAction.TraktService.Lib", "src\MediaInAction.TraktService.Lib\MediaInAction.TraktService.Lib.csproj", "{B7035C8E-A779-42E4-A27E-5DFF0255913D}"
EndProject
Project("{FAE04EC0-301F-11D3-BF4B-00C04F79EFBC}") = "MediaInAction.Shared.Hosting.Microservices", "..\..\shared\MediaInAction.Shared.Hosting.Microservices\MediaInAction.Shared.Hosting.Microservices.csproj", "{7114DC8D-286A-4E70-BF03-55E778205B43}"
EndProject
Project("{FAE04EC0-301F-11D3-BF4B-00C04F79EFBC}") = "MediaInAction.Shared.Hosting", "..\..\shared\MediaInAction.Shared.Hosting\MediaInAction.Shared.Hosting.csproj", "{AFA76B31-094E-4BE6-BE62-6FDB97D65F44}"
EndProject
Project("{FAE04EC0-301F-11D3-BF4B-00C04F79EFBC}") = "MediaInAction.Shared.Localization", "..\..\shared\MediaInAction.Shared.Localization\MediaInAction.Shared.Localization.csproj", "{40174258-5BFD-4AAF-BE55-8665B5BA18B0}"
EndProject
Project("{FAE04EC0-301F-11D3-BF4B-00C04F79EFBC}") = "MediaInAction.AdministrationService.EntityFrameworkCore", "..\administration\src\MediaInAction.AdministrationService.EntityFrameworkCore\MediaInAction.AdministrationService.EntityFrameworkCore.csproj", "{15D06055-94D9-455C-9C4D-49B93D173BC1}"
EndProject
Project("{FAE04EC0-301F-11D3-BF4B-00C04F79EFBC}") = "MediaInAction.AdministrationService.Domain.Shared", "..\administration\src\MediaInAction.AdministrationService.Domain.Shared\MediaInAction.AdministrationService.Domain.Shared.csproj", "{3CFC46FB-5B11-4761-95EC-67608D945672}"
EndProject
Project("{FAE04EC0-301F-11D3-BF4B-00C04F79EFBC}") = "MediaInAction.AdministrationService.Domain", "..\administration\src\MediaInAction.AdministrationService.Domain\MediaInAction.AdministrationService.Domain.csproj", "{EAE42CE3-A003-41E3-A06F-4F4751A773A0}"
EndProject
Project("{FAE04EC0-301F-11D3-BF4B-00C04F79EFBC}") = "MediaInAction.Shared.Grpc", "..\..\shared\MediaInAction.Shared.Grpc\MediaInAction.Shared.Grpc.csproj", "{A5ECCA3A-1EA4-499F-8F84-1E95E8EAE361}"
EndProject
Project("{FAE04EC0-301F-11D3-BF4B-00C04F79EFBC}") = "MediaInAction.TraktService.HttpApi.Client.ConsoleTestApp", "test\MediaInAction.TraktService.HttpApi.Client.ConsoleTestApp\MediaInAction.TraktService.HttpApi.Client.ConsoleTestApp.csproj", "{12EAF006-5C85-47E6-86F6-7572A137B89C}"
EndProject
Global
	GlobalSection(SolutionConfigurationPlatforms) = preSolution
		Debug|Any CPU = Debug|Any CPU
		Release|Any CPU = Release|Any CPU
	EndGlobalSection
	GlobalSection(ProjectConfigurationPlatforms) = postSolution
		{554AD327-6DBA-4F8F-96F8-81CE7A0C863F}.Debug|Any CPU.ActiveCfg = Debug|Any CPU
		{554AD327-6DBA-4F8F-96F8-81CE7A0C863F}.Debug|Any CPU.Build.0 = Debug|Any CPU
		{554AD327-6DBA-4F8F-96F8-81CE7A0C863F}.Release|Any CPU.ActiveCfg = Release|Any CPU
		{554AD327-6DBA-4F8F-96F8-81CE7A0C863F}.Release|Any CPU.Build.0 = Release|Any CPU
		{1A94A50E-06DC-43C1-80B5-B662820EC3EB}.Debug|Any CPU.ActiveCfg = Debug|Any CPU
		{1A94A50E-06DC-43C1-80B5-B662820EC3EB}.Debug|Any CPU.Build.0 = Debug|Any CPU
		{1A94A50E-06DC-43C1-80B5-B662820EC3EB}.Release|Any CPU.ActiveCfg = Release|Any CPU
		{1A94A50E-06DC-43C1-80B5-B662820EC3EB}.Release|Any CPU.Build.0 = Release|Any CPU
		{50B2631D-129C-47B3-A587-029CCD6099BC}.Debug|Any CPU.ActiveCfg = Debug|Any CPU
		{50B2631D-129C-47B3-A587-029CCD6099BC}.Debug|Any CPU.Build.0 = Debug|Any CPU
		{50B2631D-129C-47B3-A587-029CCD6099BC}.Release|Any CPU.ActiveCfg = Release|Any CPU
		{50B2631D-129C-47B3-A587-029CCD6099BC}.Release|Any CPU.Build.0 = Release|Any CPU
		{42F719ED-8413-4895-B5B4-5AB56079BC66}.Debug|Any CPU.ActiveCfg = Debug|Any CPU
		{42F719ED-8413-4895-B5B4-5AB56079BC66}.Debug|Any CPU.Build.0 = Debug|Any CPU
		{42F719ED-8413-4895-B5B4-5AB56079BC66}.Release|Any CPU.ActiveCfg = Release|Any CPU
		{42F719ED-8413-4895-B5B4-5AB56079BC66}.Release|Any CPU.Build.0 = Release|Any CPU
		{520659C8-C734-4298-A3DA-B539DB9DFC0B}.Debug|Any CPU.ActiveCfg = Debug|Any CPU
		{520659C8-C734-4298-A3DA-B539DB9DFC0B}.Debug|Any CPU.Build.0 = Debug|Any CPU
		{520659C8-C734-4298-A3DA-B539DB9DFC0B}.Release|Any CPU.ActiveCfg = Release|Any CPU
		{520659C8-C734-4298-A3DA-B539DB9DFC0B}.Release|Any CPU.Build.0 = Release|Any CPU
		{4164BDF7-F527-4E85-9CE6-E3C2D7426A27}.Debug|Any CPU.ActiveCfg = Debug|Any CPU
		{4164BDF7-F527-4E85-9CE6-E3C2D7426A27}.Debug|Any CPU.Build.0 = Debug|Any CPU
		{4164BDF7-F527-4E85-9CE6-E3C2D7426A27}.Release|Any CPU.ActiveCfg = Release|Any CPU
		{4164BDF7-F527-4E85-9CE6-E3C2D7426A27}.Release|Any CPU.Build.0 = Release|Any CPU
		{3B5A0094-670D-4BB1-BFDD-61B88A8773DC}.Debug|Any CPU.ActiveCfg = Debug|Any CPU
		{3B5A0094-670D-4BB1-BFDD-61B88A8773DC}.Debug|Any CPU.Build.0 = Debug|Any CPU
		{3B5A0094-670D-4BB1-BFDD-61B88A8773DC}.Release|Any CPU.ActiveCfg = Release|Any CPU
		{3B5A0094-670D-4BB1-BFDD-61B88A8773DC}.Release|Any CPU.Build.0 = Release|Any CPU
		{91853F21-9CD9-4132-BC29-A7D5D84FFFE7}.Debug|Any CPU.ActiveCfg = Debug|Any CPU
		{91853F21-9CD9-4132-BC29-A7D5D84FFFE7}.Debug|Any CPU.Build.0 = Debug|Any CPU
		{91853F21-9CD9-4132-BC29-A7D5D84FFFE7}.Release|Any CPU.ActiveCfg = Release|Any CPU
		{91853F21-9CD9-4132-BC29-A7D5D84FFFE7}.Release|Any CPU.Build.0 = Release|Any CPU
		{E512F4D9-9375-480F-A2F6-A46509F9D824}.Debug|Any CPU.ActiveCfg = Debug|Any CPU
		{E512F4D9-9375-480F-A2F6-A46509F9D824}.Debug|Any CPU.Build.0 = Debug|Any CPU
		{E512F4D9-9375-480F-A2F6-A46509F9D824}.Release|Any CPU.ActiveCfg = Release|Any CPU
		{E512F4D9-9375-480F-A2F6-A46509F9D824}.Release|Any CPU.Build.0 = Release|Any CPU
		{748584B1-BA69-4F6A-81AA-F4BDE6BCE29D}.Debug|Any CPU.ActiveCfg = Debug|Any CPU
		{748584B1-BA69-4F6A-81AA-F4BDE6BCE29D}.Debug|Any CPU.Build.0 = Debug|Any CPU
		{748584B1-BA69-4F6A-81AA-F4BDE6BCE29D}.Release|Any CPU.ActiveCfg = Release|Any CPU
		{748584B1-BA69-4F6A-81AA-F4BDE6BCE29D}.Release|Any CPU.Build.0 = Release|Any CPU
		{5D15000F-E6C4-45ED-96BC-6B6A029BA584}.Debug|Any CPU.ActiveCfg = Debug|Any CPU
		{5D15000F-E6C4-45ED-96BC-6B6A029BA584}.Debug|Any CPU.Build.0 = Debug|Any CPU
		{5D15000F-E6C4-45ED-96BC-6B6A029BA584}.Release|Any CPU.ActiveCfg = Release|Any CPU
		{5D15000F-E6C4-45ED-96BC-6B6A029BA584}.Release|Any CPU.Build.0 = Release|Any CPU
		{353E567B-0519-4768-92DD-DC88E318E5B6}.Debug|Any CPU.ActiveCfg = Debug|Any CPU
		{353E567B-0519-4768-92DD-DC88E318E5B6}.Debug|Any CPU.Build.0 = Debug|Any CPU
		{353E567B-0519-4768-92DD-DC88E318E5B6}.Release|Any CPU.ActiveCfg = Release|Any CPU
		{353E567B-0519-4768-92DD-DC88E318E5B6}.Release|Any CPU.Build.0 = Release|Any CPU
		{0EB60AD1-C0CE-4728-8945-60FAB0C7D5AB}.Debug|Any CPU.ActiveCfg = Debug|Any CPU
		{0EB60AD1-C0CE-4728-8945-60FAB0C7D5AB}.Debug|Any CPU.Build.0 = Debug|Any CPU
		{0EB60AD1-C0CE-4728-8945-60FAB0C7D5AB}.Release|Any CPU.ActiveCfg = Release|Any CPU
		{0EB60AD1-C0CE-4728-8945-60FAB0C7D5AB}.Release|Any CPU.Build.0 = Release|Any CPU
		{5769439C-7475-444C-9410-0B48F33AFA20}.Debug|Any CPU.ActiveCfg = Debug|Any CPU
		{5769439C-7475-444C-9410-0B48F33AFA20}.Debug|Any CPU.Build.0 = Debug|Any CPU
		{5769439C-7475-444C-9410-0B48F33AFA20}.Release|Any CPU.ActiveCfg = Release|Any CPU
		{5769439C-7475-444C-9410-0B48F33AFA20}.Release|Any CPU.Build.0 = Release|Any CPU
		{B7035C8E-A779-42E4-A27E-5DFF0255913D}.Debug|Any CPU.ActiveCfg = Debug|Any CPU
		{B7035C8E-A779-42E4-A27E-5DFF0255913D}.Debug|Any CPU.Build.0 = Debug|Any CPU
		{B7035C8E-A779-42E4-A27E-5DFF0255913D}.Release|Any CPU.ActiveCfg = Release|Any CPU
		{B7035C8E-A779-42E4-A27E-5DFF0255913D}.Release|Any CPU.Build.0 = Release|Any CPU
		{7114DC8D-286A-4E70-BF03-55E778205B43}.Debug|Any CPU.ActiveCfg = Debug|Any CPU
		{7114DC8D-286A-4E70-BF03-55E778205B43}.Debug|Any CPU.Build.0 = Debug|Any CPU
		{7114DC8D-286A-4E70-BF03-55E778205B43}.Release|Any CPU.ActiveCfg = Release|Any CPU
		{7114DC8D-286A-4E70-BF03-55E778205B43}.Release|Any CPU.Build.0 = Release|Any CPU
		{AFA76B31-094E-4BE6-BE62-6FDB97D65F44}.Debug|Any CPU.ActiveCfg = Debug|Any CPU
		{AFA76B31-094E-4BE6-BE62-6FDB97D65F44}.Debug|Any CPU.Build.0 = Debug|Any CPU
		{AFA76B31-094E-4BE6-BE62-6FDB97D65F44}.Release|Any CPU.ActiveCfg = Release|Any CPU
		{AFA76B31-094E-4BE6-BE62-6FDB97D65F44}.Release|Any CPU.Build.0 = Release|Any CPU
		{40174258-5BFD-4AAF-BE55-8665B5BA18B0}.Debug|Any CPU.ActiveCfg = Debug|Any CPU
		{40174258-5BFD-4AAF-BE55-8665B5BA18B0}.Debug|Any CPU.Build.0 = Debug|Any CPU
		{40174258-5BFD-4AAF-BE55-8665B5BA18B0}.Release|Any CPU.ActiveCfg = Release|Any CPU
		{40174258-5BFD-4AAF-BE55-8665B5BA18B0}.Release|Any CPU.Build.0 = Release|Any CPU
		{15D06055-94D9-455C-9C4D-49B93D173BC1}.Debug|Any CPU.ActiveCfg = Debug|Any CPU
		{15D06055-94D9-455C-9C4D-49B93D173BC1}.Debug|Any CPU.Build.0 = Debug|Any CPU
		{15D06055-94D9-455C-9C4D-49B93D173BC1}.Release|Any CPU.ActiveCfg = Release|Any CPU
		{15D06055-94D9-455C-9C4D-49B93D173BC1}.Release|Any CPU.Build.0 = Release|Any CPU
		{3CFC46FB-5B11-4761-95EC-67608D945672}.Debug|Any CPU.ActiveCfg = Debug|Any CPU
		{3CFC46FB-5B11-4761-95EC-67608D945672}.Debug|Any CPU.Build.0 = Debug|Any CPU
		{3CFC46FB-5B11-4761-95EC-67608D945672}.Release|Any CPU.ActiveCfg = Release|Any CPU
		{3CFC46FB-5B11-4761-95EC-67608D945672}.Release|Any CPU.Build.0 = Release|Any CPU
		{EAE42CE3-A003-41E3-A06F-4F4751A773A0}.Debug|Any CPU.ActiveCfg = Debug|Any CPU
		{EAE42CE3-A003-41E3-A06F-4F4751A773A0}.Debug|Any CPU.Build.0 = Debug|Any CPU
		{EAE42CE3-A003-41E3-A06F-4F4751A773A0}.Release|Any CPU.ActiveCfg = Release|Any CPU
		{EAE42CE3-A003-41E3-A06F-4F4751A773A0}.Release|Any CPU.Build.0 = Release|Any CPU
		{A5ECCA3A-1EA4-499F-8F84-1E95E8EAE361}.Debug|Any CPU.ActiveCfg = Debug|Any CPU
		{A5ECCA3A-1EA4-499F-8F84-1E95E8EAE361}.Debug|Any CPU.Build.0 = Debug|Any CPU
		{A5ECCA3A-1EA4-499F-8F84-1E95E8EAE361}.Release|Any CPU.ActiveCfg = Release|Any CPU
		{A5ECCA3A-1EA4-499F-8F84-1E95E8EAE361}.Release|Any CPU.Build.0 = Release|Any CPU
		{12EAF006-5C85-47E6-86F6-7572A137B89C}.Debug|Any CPU.ActiveCfg = Debug|Any CPU
		{12EAF006-5C85-47E6-86F6-7572A137B89C}.Debug|Any CPU.Build.0 = Debug|Any CPU
		{12EAF006-5C85-47E6-86F6-7572A137B89C}.Release|Any CPU.ActiveCfg = Release|Any CPU
		{12EAF006-5C85-47E6-86F6-7572A137B89C}.Release|Any CPU.Build.0 = Release|Any CPU
	EndGlobalSection
	GlobalSection(SolutionProperties) = preSolution
		HideSolutionNode = FALSE
	EndGlobalSection
	GlobalSection(NestedProjects) = preSolution
		{554AD327-6DBA-4F8F-96F8-81CE7A0C863F} = {CA9AC87F-097E-4F15-8393-4BC07735A5B0}
		{1A94A50E-06DC-43C1-80B5-B662820EC3EB} = {CA9AC87F-097E-4F15-8393-4BC07735A5B0}
		{50B2631D-129C-47B3-A587-029CCD6099BC} = {04DBDB01-70F4-4E06-B468-8F87850B22BE}
		{42F719ED-8413-4895-B5B4-5AB56079BC66} = {CA9AC87F-097E-4F15-8393-4BC07735A5B0}
		{520659C8-C734-4298-A3DA-B539DB9DFC0B} = {CA9AC87F-097E-4F15-8393-4BC07735A5B0}
		{4164BDF7-F527-4E85-9CE6-E3C2D7426A27} = {CA9AC87F-097E-4F15-8393-4BC07735A5B0}
		{3B5A0094-670D-4BB1-BFDD-61B88A8773DC} = {CA9AC87F-097E-4F15-8393-4BC07735A5B0}
		{91853F21-9CD9-4132-BC29-A7D5D84FFFE7} = {04DBDB01-70F4-4E06-B468-8F87850B22BE}
		{E512F4D9-9375-480F-A2F6-A46509F9D824} = {04DBDB01-70F4-4E06-B468-8F87850B22BE}
		{748584B1-BA69-4F6A-81AA-F4BDE6BCE29D} = {CA9AC87F-097E-4F15-8393-4BC07735A5B0}
		{5D15000F-E6C4-45ED-96BC-6B6A029BA584} = {CA9AC87F-097E-4F15-8393-4BC07735A5B0}
		{353E567B-0519-4768-92DD-DC88E318E5B6} = {04DBDB01-70F4-4E06-B468-8F87850B22BE}
		{0EB60AD1-C0CE-4728-8945-60FAB0C7D5AB} = {A6E6DB6F-8E7F-4D3F-B29B-FEC57B4E8B3B}
		{5769439C-7475-444C-9410-0B48F33AFA20} = {CA9AC87F-097E-4F15-8393-4BC07735A5B0}
		{B7035C8E-A779-42E4-A27E-5DFF0255913D} = {CA9AC87F-097E-4F15-8393-4BC07735A5B0}
		{7114DC8D-286A-4E70-BF03-55E778205B43} = {A6E6DB6F-8E7F-4D3F-B29B-FEC57B4E8B3B}
		{AFA76B31-094E-4BE6-BE62-6FDB97D65F44} = {A6E6DB6F-8E7F-4D3F-B29B-FEC57B4E8B3B}
		{40174258-5BFD-4AAF-BE55-8665B5BA18B0} = {A6E6DB6F-8E7F-4D3F-B29B-FEC57B4E8B3B}
		{15D06055-94D9-455C-9C4D-49B93D173BC1} = {94ADF529-3C84-42BA-BC72-4B8302FBDC08}
		{3CFC46FB-5B11-4761-95EC-67608D945672} = {94ADF529-3C84-42BA-BC72-4B8302FBDC08}
		{EAE42CE3-A003-41E3-A06F-4F4751A773A0} = {94ADF529-3C84-42BA-BC72-4B8302FBDC08}
		{A5ECCA3A-1EA4-499F-8F84-1E95E8EAE361} = {A6E6DB6F-8E7F-4D3F-B29B-FEC57B4E8B3B}
		{12EAF006-5C85-47E6-86F6-7572A137B89C} = {04DBDB01-70F4-4E06-B468-8F87850B22BE}
	EndGlobalSection
	GlobalSection(ExtensibilityGlobals) = postSolution
		SolutionGuid = {6AAFA1C6-603E-13FA-45E5-7910AA9F661D}
	EndGlobalSection
EndGlobal
