
Microsoft Visual Studio Solution File, Format Version 12.00
# Visual Studio Version 17
VisualStudioVersion = 17.0.31717.71
MinimumVisualStudioVersion = 10.0.40219.1
Project("{9A19103F-16F7-4668-BE54-9A1E7A4F7556}") = "MediaInAction.FileService.Domain", "src\MediaInAction.FileService.Domain\MediaInAction.FileService.Domain.csproj", "{554AD327-6DBA-4F8F-96F8-81CE7A0C863F}"
EndProject
Project("{9A19103F-16F7-4668-BE54-9A1E7A4F7556}") = "MediaInAction.FileService.Application", "src\MediaInAction.FileService.Application\MediaInAction.FileService.Application.csproj", "{1A94A50E-06DC-43C1-80B5-B662820EC3EB}"
EndProject
Project("{2150E333-8FDC-42A3-9474-1A3956D46DE8}") = "src", "src", "{CA9AC87F-097E-4F15-8393-4BC07735A5B0}"
EndProject
Project("{2150E333-8FDC-42A3-9474-1A3956D46DE8}") = "test", "test", "{04DBDB01-70F4-4E06-B468-8F87850B22BE}"
EndProject
Project("{9A19103F-16F7-4668-BE54-9A1E7A4F7556}") = "MediaInAction.FileService.Application.Tests", "test\MediaInAction.FileService.Application.Tests\MediaInAction.FileService.Application.Tests.csproj", "{50B2631D-129C-47B3-A587-029CCD6099BC}"
EndProject
Project("{9A19103F-16F7-4668-BE54-9A1E7A4F7556}") = "MediaInAction.FileService.Domain.Shared", "src\MediaInAction.FileService.Domain.Shared\MediaInAction.FileService.Domain.Shared.csproj", "{42F719ED-8413-4895-B5B4-5AB56079BC66}"
EndProject
Project("{9A19103F-16F7-4668-BE54-9A1E7A4F7556}") = "MediaInAction.FileService.Application.Contracts", "src\MediaInAction.FileService.Application.Contracts\MediaInAction.FileService.Application.Contracts.csproj", "{520659C8-C734-4298-A3DA-B539DB9DFC0B}"
EndProject
Project("{9A19103F-16F7-4668-BE54-9A1E7A4F7556}") = "MediaInAction.FileService.HttpApi", "src\MediaInAction.FileService.HttpApi\MediaInAction.FileService.HttpApi.csproj", "{4164BDF7-F527-4E85-9CE6-E3C2D7426A27}"
EndProject
Project("{9A19103F-16F7-4668-BE54-9A1E7A4F7556}") = "MediaInAction.FileService.HttpApi.Client", "src\MediaInAction.FileService.HttpApi.Client\MediaInAction.FileService.HttpApi.Client.csproj", "{3B5A0094-670D-4BB1-BFDD-61B88A8773DC}"
EndProject
Project("{9A19103F-16F7-4668-BE54-9A1E7A4F7556}") = "MediaInAction.FileService.TestBase", "test\MediaInAction.FileService.TestBase\MediaInAction.FileService.TestBase.csproj", "{91853F21-9CD9-4132-BC29-A7D5D84FFFE7}"
EndProject
Project("{9A19103F-16F7-4668-BE54-9A1E7A4F7556}") = "MediaInAction.FileService.Domain.Tests", "test\MediaInAction.FileService.Domain.Tests\MediaInAction.FileService.Domain.Tests.csproj", "{E512F4D9-9375-480F-A2F6-A46509F9D824}"
EndProject
Project("{9A19103F-16F7-4668-BE54-9A1E7A4F7556}") = "MediaInAction.FileService.HttpApi.Client.ConsoleTestApp", "test\MediaInAction.FileService.HttpApi.Client.ConsoleTestApp\MediaInAction.FileService.HttpApi.Client.ConsoleTestApp.csproj", "{EF480016-9127-4916-8735-D2466BDBC582}"
EndProject
Project("{9A19103F-16F7-4668-BE54-9A1E7A4F7556}") = "MediaInAction.FileService.HttpApi.Host", "src\MediaInAction.FileService.HttpApi.Host\MediaInAction.FileService.HttpApi.Host.csproj", "{748584B1-BA69-4F6A-81AA-F4BDE6BCE29D}"
EndProject
Project("{FAE04EC0-301F-11D3-BF4B-00C04F79EFBC}") = "MediaInAction.FileService.MongoDB", "src\MediaInAction.FileService.MongoDB\MediaInAction.FileService.MongoDB.csproj", "{5D15000F-E6C4-45ED-96BC-6B6A029BA584}"
EndProject
Project("{FAE04EC0-301F-11D3-BF4B-00C04F79EFBC}") = "MediaInAction.FileService.MongoDB.Tests", "test\MediaInAction.FileService.MongoDB.Tests\MediaInAction.FileService.MongoDB.Tests.csproj", "{353E567B-0519-4768-92DD-DC88E318E5B6}"
EndProject
Project("{2150E333-8FDC-42A3-9474-1A3956D46DE8}") = "shared", "shared", "{11E49992-07BB-4BBD-9C83-027D7EB0B0C6}"
EndProject
Project("{FAE04EC0-301F-11D3-BF4B-00C04F79EFBC}") = "MediaInAction.Shared.Domain", "..\..\shared\MediaInAction.Shared.Domain\MediaInAction.Shared.Domain.csproj", "{8B46E57F-5344-4F40-B3B1-238E893FC8CE}"
EndProject
Project("{FAE04EC0-301F-11D3-BF4B-00C04F79EFBC}") = "MediaInAction.Shared.Hosting", "..\..\..\MediaInAction.FileService\shared\MediaInAction.Shared.Hosting\MediaInAction.Shared.Hosting.csproj", "{FCFFE4C6-8A8C-47B1-89E5-7D64E732568D}"
EndProject
Project("{FAE04EC0-301F-11D3-BF4B-00C04F79EFBC}") = "MediaInAction.Shared.Hosting.Microservices", "..\..\..\MediaInAction.FileService\shared\MediaInAction.Shared.Hosting.Microservices\MediaInAction.Shared.Hosting.Microservices.csproj", "{C4400107-CCDE-427A-B84D-364A015DAF77}"
EndProject
Project("{2150E333-8FDC-42A3-9474-1A3956D46DE8}") = "services", "services", "{903FCCB7-EE54-4C65-ADDF-4A8D3DD3E002}"
EndProject
Project("{2150E333-8FDC-42A3-9474-1A3956D46DE8}") = "administration", "administration", "{9CEF60F5-E619-40FA-AC0B-BE28429A3D93}"
EndProject
Project("{FAE04EC0-301F-11D3-BF4B-00C04F79EFBC}") = "MediaInAction.AdministrationService.EntityFrameworkCore", "..\..\..\MediaInAction.FileService\services\administration\src\MediaInAction.AdministrationService.EntityFrameworkCore\MediaInAction.AdministrationService.EntityFrameworkCore.csproj", "{5304566A-F5D5-4705-B5B2-89A26EB99DE5}"
EndProject
Project("{FAE04EC0-301F-11D3-BF4B-00C04F79EFBC}") = "MediaInAction.Shared.Hosting.AspNetCore", "..\..\shared\MediaInAction.Shared.Hosting.AspNetCore\MediaInAction.Shared.Hosting.AspNetCore.csproj", "{C2924184-E7C3-4C5B-BC7C-AF4FC71BD531}"
EndProject
Project("{FAE04EC0-301F-11D3-BF4B-00C04F79EFBC}") = "MediaInAction.AdministrationService.Domain", "..\..\..\MediaInAction.FileService\services\administration\src\MediaInAction.AdministrationService.Domain\MediaInAction.AdministrationService.Domain.csproj", "{652B374C-074E-4D7D-BA29-46DC4B45CCC7}"
EndProject
Project("{FAE04EC0-301F-11D3-BF4B-00C04F79EFBC}") = "MediaInAction.AdministrationService.Domain.Shared", "..\..\..\MediaInAction.FileService\services\administration\src\MediaInAction.AdministrationService.Domain.Shared\MediaInAction.AdministrationService.Domain.Shared.csproj", "{AA9AE235-C1D7-4E56-A5AE-267C71587806}"
EndProject
Global
	GlobalSection(SolutionConfigurationPlatforms) = preSolution
		Debug|Any CPU = Debug|Any CPU
		Release|Any CPU = Release|Any CPU
	EndGlobalSection
	GlobalSection(ProjectConfigurationPlatforms) = postSolution
		{554AD327-6DBA-4F8F-96F8-81CE7A0C863F}.Debug|Any CPU.ActiveCfg = Debug|Any CPU
		{554AD327-6DBA-4F8F-96F8-81CE7A0C863F}.Debug|Any CPU.Build.0 = Debug|Any CPU
		{554AD327-6DBA-4F8F-96F8-81CE7A0C863F}.Release|Any CPU.ActiveCfg = Release|Any CPU
		{554AD327-6DBA-4F8F-96F8-81CE7A0C863F}.Release|Any CPU.Build.0 = Release|Any CPU
		{1A94A50E-06DC-43C1-80B5-B662820EC3EB}.Debug|Any CPU.ActiveCfg = Debug|Any CPU
		{1A94A50E-06DC-43C1-80B5-B662820EC3EB}.Debug|Any CPU.Build.0 = Debug|Any CPU
		{1A94A50E-06DC-43C1-80B5-B662820EC3EB}.Release|Any CPU.ActiveCfg = Release|Any CPU
		{1A94A50E-06DC-43C1-80B5-B662820EC3EB}.Release|Any CPU.Build.0 = Release|Any CPU
		{50B2631D-129C-47B3-A587-029CCD6099BC}.Debug|Any CPU.ActiveCfg = Debug|Any CPU
		{50B2631D-129C-47B3-A587-029CCD6099BC}.Debug|Any CPU.Build.0 = Debug|Any CPU
		{50B2631D-129C-47B3-A587-029CCD6099BC}.Release|Any CPU.ActiveCfg = Release|Any CPU
		{50B2631D-129C-47B3-A587-029CCD6099BC}.Release|Any CPU.Build.0 = Release|Any CPU
		{42F719ED-8413-4895-B5B4-5AB56079BC66}.Debug|Any CPU.ActiveCfg = Debug|Any CPU
		{42F719ED-8413-4895-B5B4-5AB56079BC66}.Debug|Any CPU.Build.0 = Debug|Any CPU
		{42F719ED-8413-4895-B5B4-5AB56079BC66}.Release|Any CPU.ActiveCfg = Release|Any CPU
		{42F719ED-8413-4895-B5B4-5AB56079BC66}.Release|Any CPU.Build.0 = Release|Any CPU
		{520659C8-C734-4298-A3DA-B539DB9DFC0B}.Debug|Any CPU.ActiveCfg = Debug|Any CPU
		{520659C8-C734-4298-A3DA-B539DB9DFC0B}.Debug|Any CPU.Build.0 = Debug|Any CPU
		{520659C8-C734-4298-A3DA-B539DB9DFC0B}.Release|Any CPU.ActiveCfg = Release|Any CPU
		{520659C8-C734-4298-A3DA-B539DB9DFC0B}.Release|Any CPU.Build.0 = Release|Any CPU
		{4164BDF7-F527-4E85-9CE6-E3C2D7426A27}.Debug|Any CPU.ActiveCfg = Debug|Any CPU
		{4164BDF7-F527-4E85-9CE6-E3C2D7426A27}.Debug|Any CPU.Build.0 = Debug|Any CPU
		{4164BDF7-F527-4E85-9CE6-E3C2D7426A27}.Release|Any CPU.ActiveCfg = Release|Any CPU
		{4164BDF7-F527-4E85-9CE6-E3C2D7426A27}.Release|Any CPU.Build.0 = Release|Any CPU
		{3B5A0094-670D-4BB1-BFDD-61B88A8773DC}.Debug|Any CPU.ActiveCfg = Debug|Any CPU
		{3B5A0094-670D-4BB1-BFDD-61B88A8773DC}.Debug|Any CPU.Build.0 = Debug|Any CPU
		{3B5A0094-670D-4BB1-BFDD-61B88A8773DC}.Release|Any CPU.ActiveCfg = Release|Any CPU
		{3B5A0094-670D-4BB1-BFDD-61B88A8773DC}.Release|Any CPU.Build.0 = Release|Any CPU
		{91853F21-9CD9-4132-BC29-A7D5D84FFFE7}.Debug|Any CPU.ActiveCfg = Debug|Any CPU
		{91853F21-9CD9-4132-BC29-A7D5D84FFFE7}.Debug|Any CPU.Build.0 = Debug|Any CPU
		{91853F21-9CD9-4132-BC29-A7D5D84FFFE7}.Release|Any CPU.ActiveCfg = Release|Any CPU
		{91853F21-9CD9-4132-BC29-A7D5D84FFFE7}.Release|Any CPU.Build.0 = Release|Any CPU
		{E512F4D9-9375-480F-A2F6-A46509F9D824}.Debug|Any CPU.ActiveCfg = Debug|Any CPU
		{E512F4D9-9375-480F-A2F6-A46509F9D824}.Debug|Any CPU.Build.0 = Debug|Any CPU
		{E512F4D9-9375-480F-A2F6-A46509F9D824}.Release|Any CPU.ActiveCfg = Release|Any CPU
		{E512F4D9-9375-480F-A2F6-A46509F9D824}.Release|Any CPU.Build.0 = Release|Any CPU
		{EF480016-9127-4916-8735-D2466BDBC582}.Debug|Any CPU.ActiveCfg = Debug|Any CPU
		{EF480016-9127-4916-8735-D2466BDBC582}.Debug|Any CPU.Build.0 = Debug|Any CPU
		{EF480016-9127-4916-8735-D2466BDBC582}.Release|Any CPU.ActiveCfg = Release|Any CPU
		{EF480016-9127-4916-8735-D2466BDBC582}.Release|Any CPU.Build.0 = Release|Any CPU
		{748584B1-BA69-4F6A-81AA-F4BDE6BCE29D}.Debug|Any CPU.ActiveCfg = Debug|Any CPU
		{748584B1-BA69-4F6A-81AA-F4BDE6BCE29D}.Debug|Any CPU.Build.0 = Debug|Any CPU
		{748584B1-BA69-4F6A-81AA-F4BDE6BCE29D}.Release|Any CPU.ActiveCfg = Release|Any CPU
		{748584B1-BA69-4F6A-81AA-F4BDE6BCE29D}.Release|Any CPU.Build.0 = Release|Any CPU
		{5D15000F-E6C4-45ED-96BC-6B6A029BA584}.Debug|Any CPU.ActiveCfg = Debug|Any CPU
		{5D15000F-E6C4-45ED-96BC-6B6A029BA584}.Debug|Any CPU.Build.0 = Debug|Any CPU
		{5D15000F-E6C4-45ED-96BC-6B6A029BA584}.Release|Any CPU.ActiveCfg = Release|Any CPU
		{5D15000F-E6C4-45ED-96BC-6B6A029BA584}.Release|Any CPU.Build.0 = Release|Any CPU
		{353E567B-0519-4768-92DD-DC88E318E5B6}.Debug|Any CPU.ActiveCfg = Debug|Any CPU
		{353E567B-0519-4768-92DD-DC88E318E5B6}.Debug|Any CPU.Build.0 = Debug|Any CPU
		{353E567B-0519-4768-92DD-DC88E318E5B6}.Release|Any CPU.ActiveCfg = Release|Any CPU
		{353E567B-0519-4768-92DD-DC88E318E5B6}.Release|Any CPU.Build.0 = Release|Any CPU
		{8B46E57F-5344-4F40-B3B1-238E893FC8CE}.Debug|Any CPU.ActiveCfg = Debug|Any CPU
		{8B46E57F-5344-4F40-B3B1-238E893FC8CE}.Debug|Any CPU.Build.0 = Debug|Any CPU
		{8B46E57F-5344-4F40-B3B1-238E893FC8CE}.Release|Any CPU.ActiveCfg = Release|Any CPU
		{8B46E57F-5344-4F40-B3B1-238E893FC8CE}.Release|Any CPU.Build.0 = Release|Any CPU
		{FCFFE4C6-8A8C-47B1-89E5-7D64E732568D}.Debug|Any CPU.ActiveCfg = Debug|Any CPU
		{FCFFE4C6-8A8C-47B1-89E5-7D64E732568D}.Debug|Any CPU.Build.0 = Debug|Any CPU
		{FCFFE4C6-8A8C-47B1-89E5-7D64E732568D}.Release|Any CPU.ActiveCfg = Release|Any CPU
		{FCFFE4C6-8A8C-47B1-89E5-7D64E732568D}.Release|Any CPU.Build.0 = Release|Any CPU
		{C4400107-CCDE-427A-B84D-364A015DAF77}.Debug|Any CPU.ActiveCfg = Debug|Any CPU
		{C4400107-CCDE-427A-B84D-364A015DAF77}.Debug|Any CPU.Build.0 = Debug|Any CPU
		{C4400107-CCDE-427A-B84D-364A015DAF77}.Release|Any CPU.ActiveCfg = Release|Any CPU
		{C4400107-CCDE-427A-B84D-364A015DAF77}.Release|Any CPU.Build.0 = Release|Any CPU
		{5304566A-F5D5-4705-B5B2-89A26EB99DE5}.Debug|Any CPU.ActiveCfg = Debug|Any CPU
		{5304566A-F5D5-4705-B5B2-89A26EB99DE5}.Debug|Any CPU.Build.0 = Debug|Any CPU
		{5304566A-F5D5-4705-B5B2-89A26EB99DE5}.Release|Any CPU.ActiveCfg = Release|Any CPU
		{5304566A-F5D5-4705-B5B2-89A26EB99DE5}.Release|Any CPU.Build.0 = Release|Any CPU
		{C2924184-E7C3-4C5B-BC7C-AF4FC71BD531}.Debug|Any CPU.ActiveCfg = Debug|Any CPU
		{C2924184-E7C3-4C5B-BC7C-AF4FC71BD531}.Debug|Any CPU.Build.0 = Debug|Any CPU
		{C2924184-E7C3-4C5B-BC7C-AF4FC71BD531}.Release|Any CPU.ActiveCfg = Release|Any CPU
		{C2924184-E7C3-4C5B-BC7C-AF4FC71BD531}.Release|Any CPU.Build.0 = Release|Any CPU
		{652B374C-074E-4D7D-BA29-46DC4B45CCC7}.Debug|Any CPU.ActiveCfg = Debug|Any CPU
		{652B374C-074E-4D7D-BA29-46DC4B45CCC7}.Debug|Any CPU.Build.0 = Debug|Any CPU
		{652B374C-074E-4D7D-BA29-46DC4B45CCC7}.Release|Any CPU.ActiveCfg = Release|Any CPU
		{652B374C-074E-4D7D-BA29-46DC4B45CCC7}.Release|Any CPU.Build.0 = Release|Any CPU
		{AA9AE235-C1D7-4E56-A5AE-267C71587806}.Debug|Any CPU.ActiveCfg = Debug|Any CPU
		{AA9AE235-C1D7-4E56-A5AE-267C71587806}.Debug|Any CPU.Build.0 = Debug|Any CPU
		{AA9AE235-C1D7-4E56-A5AE-267C71587806}.Release|Any CPU.ActiveCfg = Release|Any CPU
		{AA9AE235-C1D7-4E56-A5AE-267C71587806}.Release|Any CPU.Build.0 = Release|Any CPU
	EndGlobalSection
	GlobalSection(SolutionProperties) = preSolution
		HideSolutionNode = FALSE
	EndGlobalSection
	GlobalSection(NestedProjects) = preSolution
		{554AD327-6DBA-4F8F-96F8-81CE7A0C863F} = {CA9AC87F-097E-4F15-8393-4BC07735A5B0}
		{1A94A50E-06DC-43C1-80B5-B662820EC3EB} = {CA9AC87F-097E-4F15-8393-4BC07735A5B0}
		{50B2631D-129C-47B3-A587-029CCD6099BC} = {04DBDB01-70F4-4E06-B468-8F87850B22BE}
		{42F719ED-8413-4895-B5B4-5AB56079BC66} = {CA9AC87F-097E-4F15-8393-4BC07735A5B0}
		{520659C8-C734-4298-A3DA-B539DB9DFC0B} = {CA9AC87F-097E-4F15-8393-4BC07735A5B0}
		{4164BDF7-F527-4E85-9CE6-E3C2D7426A27} = {CA9AC87F-097E-4F15-8393-4BC07735A5B0}
		{3B5A0094-670D-4BB1-BFDD-61B88A8773DC} = {CA9AC87F-097E-4F15-8393-4BC07735A5B0}
		{91853F21-9CD9-4132-BC29-A7D5D84FFFE7} = {04DBDB01-70F4-4E06-B468-8F87850B22BE}
		{E512F4D9-9375-480F-A2F6-A46509F9D824} = {04DBDB01-70F4-4E06-B468-8F87850B22BE}
		{EF480016-9127-4916-8735-D2466BDBC582} = {04DBDB01-70F4-4E06-B468-8F87850B22BE}
		{748584B1-BA69-4F6A-81AA-F4BDE6BCE29D} = {CA9AC87F-097E-4F15-8393-4BC07735A5B0}
		{5D15000F-E6C4-45ED-96BC-6B6A029BA584} = {CA9AC87F-097E-4F15-8393-4BC07735A5B0}
		{353E567B-0519-4768-92DD-DC88E318E5B6} = {04DBDB01-70F4-4E06-B468-8F87850B22BE}
		{8B46E57F-5344-4F40-B3B1-238E893FC8CE} = {11E49992-07BB-4BBD-9C83-027D7EB0B0C6}
		{FCFFE4C6-8A8C-47B1-89E5-7D64E732568D} = {11E49992-07BB-4BBD-9C83-027D7EB0B0C6}
		{C4400107-CCDE-427A-B84D-364A015DAF77} = {11E49992-07BB-4BBD-9C83-027D7EB0B0C6}
		{9CEF60F5-E619-40FA-AC0B-BE28429A3D93} = {903FCCB7-EE54-4C65-ADDF-4A8D3DD3E002}
		{C2924184-E7C3-4C5B-BC7C-AF4FC71BD531} = {11E49992-07BB-4BBD-9C83-027D7EB0B0C6}
		{5304566A-F5D5-4705-B5B2-89A26EB99DE5} = {9CEF60F5-E619-40FA-AC0B-BE28429A3D93}
		{652B374C-074E-4D7D-BA29-46DC4B45CCC7} = {9CEF60F5-E619-40FA-AC0B-BE28429A3D93}
		{AA9AE235-C1D7-4E56-A5AE-267C71587806} = {9CEF60F5-E619-40FA-AC0B-BE28429A3D93}
	EndGlobalSection
	GlobalSection(ExtensibilityGlobals) = postSolution
		SolutionGuid = {6AAFA1C6-603E-13FA-45E5-7910AA9F661D}
	EndGlobalSection
EndGlobal
