
Microsoft Visual Studio Solution File, Format Version 12.00
# Visual Studio Version 16
VisualStudioVersion = 16.0.29020.237
MinimumVisualStudioVersion = 10.0.40219.1
Project("{2150E333-8FDC-42A3-9474-1A3956D46DE8}") = "src", "src", "{CA9AC87F-097E-4F15-8393-4BC07735A5B0}"
EndProject
Project("{2150E333-8FDC-42A3-9474-1A3956D46DE8}") = "test", "test", "{04DBDB01-70F4-4E06-B468-8F87850B22BE}"
EndProject
Project("{2150E333-8FDC-42A3-9474-1A3956D46DE8}") = "shared", "shared", "{630B0068-2174-47E3-B1FB-EA3362FF9809}"
EndProject
Project("{FAE04EC0-301F-11D3-BF4B-00C04F79EFBC}") = "MediaInAction.VideoService.TestBase", "video\MediaInAction.VideoService.TestBase\MediaInAction.VideoService.TestBase.csproj", "{E2DCF576-1D80-43F3-8038-4A49332F7832}"
EndProject
Project("{FAE04EC0-301F-11D3-BF4B-00C04F79EFBC}") = "MediaInAction.VideoService.EntityFrameworkCore.Tests", "video\MediaInAction.VideoService.EntityFrameworkCore.Tests\MediaInAction.VideoService.EntityFrameworkCore.Tests.csproj", "{7B72581B-16FE-457A-B7AF-947453687AB5}"
EndProject
Project("{FAE04EC0-301F-11D3-BF4B-00C04F79EFBC}") = "MediaInAction.VideoService.Application", "video\MediaInAction.VideoService.Application\MediaInAction.VideoService.Application.csproj", "{425F3261-1F65-4DDB-972E-1B5F450B32D2}"
EndProject
Project("{FAE04EC0-301F-11D3-BF4B-00C04F79EFBC}") = "MediaInAction.VideoService.Application.Contracts", "video\MediaInAction.VideoService.Application.Contracts\MediaInAction.VideoService.Application.Contracts.csproj", "{19A556DE-51ED-4FD9-8518-17F0097C6E46}"
EndProject
Project("{FAE04EC0-301F-11D3-BF4B-00C04F79EFBC}") = "MediaInAction.VideoService.BackgroundWorkers", "video\MediaInAction.VideoService.BackgroundWorkers\MediaInAction.VideoService.BackgroundWorkers.csproj", "{29F4B8E4-A410-47B9-9AAA-910F73DB2FF6}"
EndProject
Project("{FAE04EC0-301F-11D3-BF4B-00C04F79EFBC}") = "MediaInAction.VideoService.BackgroundJobs", "video\MediaInAction.VideoService.BackgroundJobs\MediaInAction.VideoService.BackgroundJobs.csproj", "{B5BBED09-6BA0-4D54-8583-FC7C7AAB3ECE}"
EndProject
Project("{FAE04EC0-301F-11D3-BF4B-00C04F79EFBC}") = "MediaInAction.VideoService.Domain", "video\MediaInAction.VideoService.Domain\MediaInAction.VideoService.Domain.csproj", "{882AE92D-6693-4058-9E18-1CBEA0690E30}"
EndProject
Project("{FAE04EC0-301F-11D3-BF4B-00C04F79EFBC}") = "MediaInAction.VideoService.Domain.Shared", "video\MediaInAction.VideoService.Domain.Shared\MediaInAction.VideoService.Domain.Shared.csproj", "{08DD7068-D512-426A-A067-D4DBB1922B42}"
EndProject
Project("{FAE04EC0-301F-11D3-BF4B-00C04F79EFBC}") = "MediaInAction.VideoService.HttpApi.Client", "video\MediaInAction.VideoService.HttpApi.Client\MediaInAction.VideoService.HttpApi.Client.csproj", "{46D9EF23-1F47-465A-AA1A-3A7445C167F9}"
EndProject
Project("{FAE04EC0-301F-11D3-BF4B-00C04F79EFBC}") = "MediaInAction.VideoService.HttpApi.Host", "video\MediaInAction.VideoService.HttpApi.Host\MediaInAction.VideoService.HttpApi.Host.csproj", "{9584741F-DF65-4D37-A5EC-68725EF344CC}"
EndProject
Project("{FAE04EC0-301F-11D3-BF4B-00C04F79EFBC}") = "MediaInAction.VideoService.Domain.Tests", "video\MediaInAction.VideoService.Domain.Tests\MediaInAction.VideoService.Domain.Tests.csproj", "{D6AEFDBF-25A8-4154-97DC-99B7D867DAF5}"
EndProject
Project("{FAE04EC0-301F-11D3-BF4B-00C04F79EFBC}") = "MediaInAction.VideoService.Application.Tests", "video\MediaInAction.VideoService.Application.Tests\MediaInAction.VideoService.Application.Tests.csproj", "{A3FA7FCB-089B-46E4-83F6-89B7B0338954}"
EndProject
Project("{FAE04EC0-301F-11D3-BF4B-00C04F79EFBC}") = "MediaInAction.VideoService.HttpApi.Client.ConsoleTestApp", "video\MediaInAction.VideoService.HttpApi.Client.ConsoleTestApp\MediaInAction.VideoService.HttpApi.Client.ConsoleTestApp.csproj", "{C3703E06-CAF9-47A6-9EE5-435E7BC95AC3}"
EndProject
Project("{FAE04EC0-301F-11D3-BF4B-00C04F79EFBC}") = "MediaInAction.VideoService.HttpApi", "video\MediaInAction.VideoService.HttpApi\MediaInAction.VideoService.HttpApi.csproj", "{9297B19C-B189-454D-8C18-E2D13CB62076}"
EndProject
Project("{2150E333-8FDC-42A3-9474-1A3956D46DE8}") = "links", "links", "{892A0EF9-5ED9-4743-90A6-A0B7ABA1DB2E}"
EndProject
Project("{FAE04EC0-301F-11D3-BF4B-00C04F79EFBC}") = "MediaInAction.Shared.Api", "..\..\MediaInAction.Shared\aspnet-core\common\MediaInAction.Shared.Api\MediaInAction.Shared.Api.csproj", "{82D7DCBB-5724-444D-B546-0340194C7CE1}"
EndProject
Project("{FAE04EC0-301F-11D3-BF4B-00C04F79EFBC}") = "MediaInAction.Shared.Hosting", "..\..\MediaInAction.Shared\aspnet-core\common\MediaInAction.Shared.Hosting\MediaInAction.Shared.Hosting.csproj", "{957F6A6C-2EB9-46DE-9C16-C9A3803A9175}"
EndProject
Project("{FAE04EC0-301F-11D3-BF4B-00C04F79EFBC}") = "MediaInAction.Shared.Hosting.AspNetCore", "..\..\MediaInAction.Shared\aspnet-core\common\MediaInAction.Shared.Hosting.AspNetCore\MediaInAction.Shared.Hosting.AspNetCore.csproj", "{7B086A80-37AF-4361-9453-68F859B00F0A}"
EndProject
Project("{FAE04EC0-301F-11D3-BF4B-00C04F79EFBC}") = "MediaInAction.Shared.Hosting.Microservices", "..\..\MediaInAction.Shared\aspnet-core\common\MediaInAction.Shared.Hosting.Microservices\MediaInAction.Shared.Hosting.Microservices.csproj", "{77FB3AD5-12E0-4C7B-8C01-5CBEC799CA6E}"
EndProject
Project("{FAE04EC0-301F-11D3-BF4B-00C04F79EFBC}") = "MediaInAction.AdministrationService.EntityFrameworkCore", "..\..\MediaInAction.Shared\aspnet-core\administration\MediaInAction.AdministrationService.EntityFrameworkCore\MediaInAction.AdministrationService.EntityFrameworkCore.csproj", "{B5929D95-A687-4529-A049-F529562CB3DF}"
EndProject
Project("{FAE04EC0-301F-11D3-BF4B-00C04F79EFBC}") = "MediaInAction.Shared.Domain", "..\..\MediaInAction.Shared\aspnet-core\common\MediaInAction.Shared.Domain\MediaInAction.Shared.Domain.csproj", "{DF8B3069-16FB-497D-90EC-E1997FAF3084}"
EndProject
Global
	GlobalSection(SolutionConfigurationPlatforms) = preSolution
		Debug|Any CPU = Debug|Any CPU
		Release|Any CPU = Release|Any CPU
	EndGlobalSection
	GlobalSection(ProjectConfigurationPlatforms) = postSolution
		{E2DCF576-1D80-43F3-8038-4A49332F7832}.Debug|Any CPU.ActiveCfg = Debug|Any CPU
		{E2DCF576-1D80-43F3-8038-4A49332F7832}.Debug|Any CPU.Build.0 = Debug|Any CPU
		{E2DCF576-1D80-43F3-8038-4A49332F7832}.Release|Any CPU.ActiveCfg = Release|Any CPU
		{E2DCF576-1D80-43F3-8038-4A49332F7832}.Release|Any CPU.Build.0 = Release|Any CPU
		{7B72581B-16FE-457A-B7AF-947453687AB5}.Debug|Any CPU.ActiveCfg = Debug|Any CPU
		{7B72581B-16FE-457A-B7AF-947453687AB5}.Debug|Any CPU.Build.0 = Debug|Any CPU
		{7B72581B-16FE-457A-B7AF-947453687AB5}.Release|Any CPU.ActiveCfg = Release|Any CPU
		{7B72581B-16FE-457A-B7AF-947453687AB5}.Release|Any CPU.Build.0 = Release|Any CPU
		{425F3261-1F65-4DDB-972E-1B5F450B32D2}.Debug|Any CPU.ActiveCfg = Debug|Any CPU
		{425F3261-1F65-4DDB-972E-1B5F450B32D2}.Debug|Any CPU.Build.0 = Debug|Any CPU
		{425F3261-1F65-4DDB-972E-1B5F450B32D2}.Release|Any CPU.ActiveCfg = Release|Any CPU
		{425F3261-1F65-4DDB-972E-1B5F450B32D2}.Release|Any CPU.Build.0 = Release|Any CPU
		{19A556DE-51ED-4FD9-8518-17F0097C6E46}.Debug|Any CPU.ActiveCfg = Debug|Any CPU
		{19A556DE-51ED-4FD9-8518-17F0097C6E46}.Debug|Any CPU.Build.0 = Debug|Any CPU
		{19A556DE-51ED-4FD9-8518-17F0097C6E46}.Release|Any CPU.ActiveCfg = Release|Any CPU
		{19A556DE-51ED-4FD9-8518-17F0097C6E46}.Release|Any CPU.Build.0 = Release|Any CPU
		{29F4B8E4-A410-47B9-9AAA-910F73DB2FF6}.Debug|Any CPU.ActiveCfg = Debug|Any CPU
		{29F4B8E4-A410-47B9-9AAA-910F73DB2FF6}.Debug|Any CPU.Build.0 = Debug|Any CPU
		{29F4B8E4-A410-47B9-9AAA-910F73DB2FF6}.Release|Any CPU.ActiveCfg = Release|Any CPU
		{29F4B8E4-A410-47B9-9AAA-910F73DB2FF6}.Release|Any CPU.Build.0 = Release|Any CPU
		{B5BBED09-6BA0-4D54-8583-FC7C7AAB3ECE}.Debug|Any CPU.ActiveCfg = Debug|Any CPU
		{B5BBED09-6BA0-4D54-8583-FC7C7AAB3ECE}.Debug|Any CPU.Build.0 = Debug|Any CPU
		{B5BBED09-6BA0-4D54-8583-FC7C7AAB3ECE}.Release|Any CPU.ActiveCfg = Release|Any CPU
		{B5BBED09-6BA0-4D54-8583-FC7C7AAB3ECE}.Release|Any CPU.Build.0 = Release|Any CPU
		{882AE92D-6693-4058-9E18-1CBEA0690E30}.Debug|Any CPU.ActiveCfg = Debug|Any CPU
		{882AE92D-6693-4058-9E18-1CBEA0690E30}.Debug|Any CPU.Build.0 = Debug|Any CPU
		{882AE92D-6693-4058-9E18-1CBEA0690E30}.Release|Any CPU.ActiveCfg = Release|Any CPU
		{882AE92D-6693-4058-9E18-1CBEA0690E30}.Release|Any CPU.Build.0 = Release|Any CPU
		{08DD7068-D512-426A-A067-D4DBB1922B42}.Debug|Any CPU.ActiveCfg = Debug|Any CPU
		{08DD7068-D512-426A-A067-D4DBB1922B42}.Debug|Any CPU.Build.0 = Debug|Any CPU
		{08DD7068-D512-426A-A067-D4DBB1922B42}.Release|Any CPU.ActiveCfg = Release|Any CPU
		{08DD7068-D512-426A-A067-D4DBB1922B42}.Release|Any CPU.Build.0 = Release|Any CPU
		{46D9EF23-1F47-465A-AA1A-3A7445C167F9}.Debug|Any CPU.ActiveCfg = Debug|Any CPU
		{46D9EF23-1F47-465A-AA1A-3A7445C167F9}.Debug|Any CPU.Build.0 = Debug|Any CPU
		{46D9EF23-1F47-465A-AA1A-3A7445C167F9}.Release|Any CPU.ActiveCfg = Release|Any CPU
		{46D9EF23-1F47-465A-AA1A-3A7445C167F9}.Release|Any CPU.Build.0 = Release|Any CPU
		{9584741F-DF65-4D37-A5EC-68725EF344CC}.Debug|Any CPU.ActiveCfg = Debug|Any CPU
		{9584741F-DF65-4D37-A5EC-68725EF344CC}.Debug|Any CPU.Build.0 = Debug|Any CPU
		{9584741F-DF65-4D37-A5EC-68725EF344CC}.Release|Any CPU.ActiveCfg = Release|Any CPU
		{9584741F-DF65-4D37-A5EC-68725EF344CC}.Release|Any CPU.Build.0 = Release|Any CPU
		{D6AEFDBF-25A8-4154-97DC-99B7D867DAF5}.Debug|Any CPU.ActiveCfg = Debug|Any CPU
		{D6AEFDBF-25A8-4154-97DC-99B7D867DAF5}.Debug|Any CPU.Build.0 = Debug|Any CPU
		{D6AEFDBF-25A8-4154-97DC-99B7D867DAF5}.Release|Any CPU.ActiveCfg = Release|Any CPU
		{D6AEFDBF-25A8-4154-97DC-99B7D867DAF5}.Release|Any CPU.Build.0 = Release|Any CPU
		{A3FA7FCB-089B-46E4-83F6-89B7B0338954}.Debug|Any CPU.ActiveCfg = Debug|Any CPU
		{A3FA7FCB-089B-46E4-83F6-89B7B0338954}.Debug|Any CPU.Build.0 = Debug|Any CPU
		{A3FA7FCB-089B-46E4-83F6-89B7B0338954}.Release|Any CPU.ActiveCfg = Release|Any CPU
		{A3FA7FCB-089B-46E4-83F6-89B7B0338954}.Release|Any CPU.Build.0 = Release|Any CPU
		{C3703E06-CAF9-47A6-9EE5-435E7BC95AC3}.Debug|Any CPU.ActiveCfg = Debug|Any CPU
		{C3703E06-CAF9-47A6-9EE5-435E7BC95AC3}.Debug|Any CPU.Build.0 = Debug|Any CPU
		{C3703E06-CAF9-47A6-9EE5-435E7BC95AC3}.Release|Any CPU.ActiveCfg = Release|Any CPU
		{C3703E06-CAF9-47A6-9EE5-435E7BC95AC3}.Release|Any CPU.Build.0 = Release|Any CPU
		{9297B19C-B189-454D-8C18-E2D13CB62076}.Debug|Any CPU.ActiveCfg = Debug|Any CPU
		{9297B19C-B189-454D-8C18-E2D13CB62076}.Debug|Any CPU.Build.0 = Debug|Any CPU
		{9297B19C-B189-454D-8C18-E2D13CB62076}.Release|Any CPU.ActiveCfg = Release|Any CPU
		{9297B19C-B189-454D-8C18-E2D13CB62076}.Release|Any CPU.Build.0 = Release|Any CPU
		{82D7DCBB-5724-444D-B546-0340194C7CE1}.Debug|Any CPU.ActiveCfg = Debug|Any CPU
		{82D7DCBB-5724-444D-B546-0340194C7CE1}.Debug|Any CPU.Build.0 = Debug|Any CPU
		{82D7DCBB-5724-444D-B546-0340194C7CE1}.Release|Any CPU.ActiveCfg = Release|Any CPU
		{82D7DCBB-5724-444D-B546-0340194C7CE1}.Release|Any CPU.Build.0 = Release|Any CPU
		{957F6A6C-2EB9-46DE-9C16-C9A3803A9175}.Debug|Any CPU.ActiveCfg = Debug|Any CPU
		{957F6A6C-2EB9-46DE-9C16-C9A3803A9175}.Debug|Any CPU.Build.0 = Debug|Any CPU
		{957F6A6C-2EB9-46DE-9C16-C9A3803A9175}.Release|Any CPU.ActiveCfg = Release|Any CPU
		{957F6A6C-2EB9-46DE-9C16-C9A3803A9175}.Release|Any CPU.Build.0 = Release|Any CPU
		{7B086A80-37AF-4361-9453-68F859B00F0A}.Debug|Any CPU.ActiveCfg = Debug|Any CPU
		{7B086A80-37AF-4361-9453-68F859B00F0A}.Debug|Any CPU.Build.0 = Debug|Any CPU
		{7B086A80-37AF-4361-9453-68F859B00F0A}.Release|Any CPU.ActiveCfg = Release|Any CPU
		{7B086A80-37AF-4361-9453-68F859B00F0A}.Release|Any CPU.Build.0 = Release|Any CPU
		{77FB3AD5-12E0-4C7B-8C01-5CBEC799CA6E}.Debug|Any CPU.ActiveCfg = Debug|Any CPU
		{77FB3AD5-12E0-4C7B-8C01-5CBEC799CA6E}.Debug|Any CPU.Build.0 = Debug|Any CPU
		{77FB3AD5-12E0-4C7B-8C01-5CBEC799CA6E}.Release|Any CPU.ActiveCfg = Release|Any CPU
		{77FB3AD5-12E0-4C7B-8C01-5CBEC799CA6E}.Release|Any CPU.Build.0 = Release|Any CPU
		{B5929D95-A687-4529-A049-F529562CB3DF}.Debug|Any CPU.ActiveCfg = Debug|Any CPU
		{B5929D95-A687-4529-A049-F529562CB3DF}.Debug|Any CPU.Build.0 = Debug|Any CPU
		{B5929D95-A687-4529-A049-F529562CB3DF}.Release|Any CPU.ActiveCfg = Release|Any CPU
		{B5929D95-A687-4529-A049-F529562CB3DF}.Release|Any CPU.Build.0 = Release|Any CPU
		{DF8B3069-16FB-497D-90EC-E1997FAF3084}.Debug|Any CPU.ActiveCfg = Debug|Any CPU
		{DF8B3069-16FB-497D-90EC-E1997FAF3084}.Debug|Any CPU.Build.0 = Debug|Any CPU
		{DF8B3069-16FB-497D-90EC-E1997FAF3084}.Release|Any CPU.ActiveCfg = Release|Any CPU
		{DF8B3069-16FB-497D-90EC-E1997FAF3084}.Release|Any CPU.Build.0 = Release|Any CPU
	EndGlobalSection
	GlobalSection(SolutionProperties) = preSolution
		HideSolutionNode = FALSE
	EndGlobalSection
	GlobalSection(NestedProjects) = preSolution
		{E2DCF576-1D80-43F3-8038-4A49332F7832} = {04DBDB01-70F4-4E06-B468-8F87850B22BE}
		{7B72581B-16FE-457A-B7AF-947453687AB5} = {04DBDB01-70F4-4E06-B468-8F87850B22BE}
		{425F3261-1F65-4DDB-972E-1B5F450B32D2} = {CA9AC87F-097E-4F15-8393-4BC07735A5B0}
		{19A556DE-51ED-4FD9-8518-17F0097C6E46} = {CA9AC87F-097E-4F15-8393-4BC07735A5B0}
		{29F4B8E4-A410-47B9-9AAA-910F73DB2FF6} = {CA9AC87F-097E-4F15-8393-4BC07735A5B0}
		{B5BBED09-6BA0-4D54-8583-FC7C7AAB3ECE} = {CA9AC87F-097E-4F15-8393-4BC07735A5B0}
		{882AE92D-6693-4058-9E18-1CBEA0690E30} = {CA9AC87F-097E-4F15-8393-4BC07735A5B0}
		{08DD7068-D512-426A-A067-D4DBB1922B42} = {CA9AC87F-097E-4F15-8393-4BC07735A5B0}
		{46D9EF23-1F47-465A-AA1A-3A7445C167F9} = {CA9AC87F-097E-4F15-8393-4BC07735A5B0}
		{9584741F-DF65-4D37-A5EC-68725EF344CC} = {CA9AC87F-097E-4F15-8393-4BC07735A5B0}
		{D6AEFDBF-25A8-4154-97DC-99B7D867DAF5} = {04DBDB01-70F4-4E06-B468-8F87850B22BE}
		{A3FA7FCB-089B-46E4-83F6-89B7B0338954} = {04DBDB01-70F4-4E06-B468-8F87850B22BE}
		{C3703E06-CAF9-47A6-9EE5-435E7BC95AC3} = {04DBDB01-70F4-4E06-B468-8F87850B22BE}
		{9297B19C-B189-454D-8C18-E2D13CB62076} = {CA9AC87F-097E-4F15-8393-4BC07735A5B0}
		{82D7DCBB-5724-444D-B546-0340194C7CE1} = {630B0068-2174-47E3-B1FB-EA3362FF9809}
		{957F6A6C-2EB9-46DE-9C16-C9A3803A9175} = {630B0068-2174-47E3-B1FB-EA3362FF9809}
		{7B086A80-37AF-4361-9453-68F859B00F0A} = {630B0068-2174-47E3-B1FB-EA3362FF9809}
		{77FB3AD5-12E0-4C7B-8C01-5CBEC799CA6E} = {630B0068-2174-47E3-B1FB-EA3362FF9809}
		{B5929D95-A687-4529-A049-F529562CB3DF} = {892A0EF9-5ED9-4743-90A6-A0B7ABA1DB2E}
		{DF8B3069-16FB-497D-90EC-E1997FAF3084} = {630B0068-2174-47E3-B1FB-EA3362FF9809}
	EndGlobalSection
	GlobalSection(ExtensibilityGlobals) = postSolution
		SolutionGuid = {28315BFD-90E7-4E14-A2EA-F3D23AF4126F}
	EndGlobalSection
EndGlobal
