Microsoft Visual Studio Solution File, Format Version 12.00
# Visual Studio Version 17
VisualStudioVersion = 17.5.2.0
MinimumVisualStudioVersion = 10.0.40219.1
Project("{FAE04EC0-301F-11D3-BF4B-00C04F79EFBC}") = "MediaInAction.TraktService.TestBase", "MediaInAction.TraktService.TestBase\MediaInAction.TraktService.TestBase.csproj", "{F6F2DF7D-CD0F-7B4A-3CD2-28529AA2A891}"
EndProject
Project("{FAE04EC0-301F-11D3-BF4B-00C04F79EFBC}") = "MediaInAction.TraktService.MongoDB.Tests", "MediaInAction.TraktService.MongoDB.Tests\MediaInAction.TraktService.MongoDB.Tests.csproj", "{9C30AED9-C040-B820-17DA-D854F5675DEF}"
EndProject
Project("{FAE04EC0-301F-11D3-BF4B-00C04F79EFBC}") = "MediaInAction.TraktService.Domain.Tests", "MediaInAction.TraktService.Domain.Tests\MediaInAction.TraktService.Domain.Tests.csproj", "{B10D6349-840A-1DD9-E527-8A5694BB3359}"
EndProject
Project("{FAE04EC0-301F-11D3-BF4B-00C04F79EFBC}") = "MediaInAction.TraktService.HttpApi.Client.ConsoleTestApp", "MediaInAction.TraktService.HttpApi.Client.ConsoleTestApp\MediaInAction.TraktService.HttpApi.Client.ConsoleTestApp.csproj", "{1BD3D4B8-AE0B-0020-E6B3-091ABD5D2016}"
EndProject
Project("{FAE04EC0-301F-11D3-BF4B-00C04F79EFBC}") = "MediaInAction.TraktService.Application.Tests", "MediaInAction.TraktService.Application.Tests\MediaInAction.TraktService.Application.Tests.csproj", "{E8C756F1-3F5E-1D97-E3BF-FFCE8FC8A61F}"
EndProject
Global
	GlobalSection(SolutionConfigurationPlatforms) = preSolution
		Debug|Any CPU = Debug|Any CPU
		Release|Any CPU = Release|Any CPU
	EndGlobalSection
	GlobalSection(ProjectConfigurationPlatforms) = postSolution
		{F6F2DF7D-CD0F-7B4A-3CD2-28529AA2A891}.Debug|Any CPU.ActiveCfg = Debug|Any CPU
		{F6F2DF7D-CD0F-7B4A-3CD2-28529AA2A891}.Debug|Any CPU.Build.0 = Debug|Any CPU
		{F6F2DF7D-CD0F-7B4A-3CD2-28529AA2A891}.Release|Any CPU.ActiveCfg = Release|Any CPU
		{F6F2DF7D-CD0F-7B4A-3CD2-28529AA2A891}.Release|Any CPU.Build.0 = Release|Any CPU
		{9C30AED9-C040-B820-17DA-D854F5675DEF}.Debug|Any CPU.ActiveCfg = Debug|Any CPU
		{9C30AED9-C040-B820-17DA-D854F5675DEF}.Debug|Any CPU.Build.0 = Debug|Any CPU
		{9C30AED9-C040-B820-17DA-D854F5675DEF}.Release|Any CPU.ActiveCfg = Release|Any CPU
		{9C30AED9-C040-B820-17DA-D854F5675DEF}.Release|Any CPU.Build.0 = Release|Any CPU
		{B10D6349-840A-1DD9-E527-8A5694BB3359}.Debug|Any CPU.ActiveCfg = Debug|Any CPU
		{B10D6349-840A-1DD9-E527-8A5694BB3359}.Debug|Any CPU.Build.0 = Debug|Any CPU
		{B10D6349-840A-1DD9-E527-8A5694BB3359}.Release|Any CPU.ActiveCfg = Release|Any CPU
		{B10D6349-840A-1DD9-E527-8A5694BB3359}.Release|Any CPU.Build.0 = Release|Any CPU
		{1BD3D4B8-AE0B-0020-E6B3-091ABD5D2016}.Debug|Any CPU.ActiveCfg = Debug|Any CPU
		{1BD3D4B8-AE0B-0020-E6B3-091ABD5D2016}.Debug|Any CPU.Build.0 = Debug|Any CPU
		{1BD3D4B8-AE0B-0020-E6B3-091ABD5D2016}.Release|Any CPU.ActiveCfg = Release|Any CPU
		{1BD3D4B8-AE0B-0020-E6B3-091ABD5D2016}.Release|Any CPU.Build.0 = Release|Any CPU
		{E8C756F1-3F5E-1D97-E3BF-FFCE8FC8A61F}.Debug|Any CPU.ActiveCfg = Debug|Any CPU
		{E8C756F1-3F5E-1D97-E3BF-FFCE8FC8A61F}.Debug|Any CPU.Build.0 = Debug|Any CPU
		{E8C756F1-3F5E-1D97-E3BF-FFCE8FC8A61F}.Release|Any CPU.ActiveCfg = Release|Any CPU
		{E8C756F1-3F5E-1D97-E3BF-FFCE8FC8A61F}.Release|Any CPU.Build.0 = Release|Any CPU
	EndGlobalSection
	GlobalSection(SolutionProperties) = preSolution
		HideSolutionNode = FALSE
	EndGlobalSection
	GlobalSection(ExtensibilityGlobals) = postSolution
		SolutionGuid = {3164180F-104D-4B33-AF3E-E6CD8E880AAA}
	EndGlobalSection
EndGlobal
