
Microsoft Visual Studio Solution File, Format Version 12.00
# Visual Studio Version 17
VisualStudioVersion = 17.5.002.0
MinimumVisualStudioVersion = 10.0.40219.1
Project("{9A19103F-16F7-4668-BE54-9A1E7A4F7556}") = "MediaInAction.Shared.Localization", "MediaInAction.Shared.Localization.csproj", "{5460D634-FFFA-4C53-894E-F92F1CC408DA}"
EndProject
Global
	GlobalSection(SolutionConfigurationPlatforms) = preSolution
		Debug|Any CPU = Debug|Any CPU
		Release|Any CPU = Release|Any CPU
	EndGlobalSection
	GlobalSection(ProjectConfigurationPlatforms) = postSolution
		{5460D634-FFFA-4C53-894E-F92F1CC408DA}.Debug|Any CPU.ActiveCfg = Debug|Any CPU
		{5460D634-FFFA-4C53-894E-F92F1CC408DA}.Debug|Any CPU.Build.0 = Debug|Any CPU
		{5460D634-FFFA-4C53-894E-F92F1CC408DA}.Release|Any CPU.ActiveCfg = Release|Any CPU
		{5460D634-FFFA-4C53-894E-F92F1CC408DA}.Release|Any CPU.Build.0 = Release|Any CPU
	EndGlobalSection
	GlobalSection(SolutionProperties) = preSolution
		HideSolutionNode = FALSE
	EndGlobalSection
	GlobalSection(ExtensibilityGlobals) = postSolution
		SolutionGuid = {660468A2-A8DB-4D29-B209-0D0A14B016DA}
	EndGlobalSection
EndGlobal
