
Microsoft Visual Studio Solution File, Format Version 12.00
# Visual Studio Version 17
VisualStudioVersion = 17.0.31717.71
MinimumVisualStudioVersion = 10.0.40219.1
Project("{9A19103F-16F7-4668-BE54-9A1E7A4F7556}") = "MediaInAction.DelugeService.Domain", "src\MediaInAction.DelugeService.Domain\MediaInAction.DelugeService.Domain.csproj", "{554AD327-6DBA-4F8F-96F8-81CE7A0C863F}"
EndProject
Project("{9A19103F-16F7-4668-BE54-9A1E7A4F7556}") = "MediaInAction.DelugeService.Application", "src\MediaInAction.DelugeService.Application\MediaInAction.DelugeService.Application.csproj", "{1A94A50E-06DC-43C1-80B5-B662820EC3EB}"
EndProject
Project("{2150E333-8FDC-42A3-9474-1A3956D46DE8}") = "src", "src", "{CA9AC87F-097E-4F15-8393-4BC07735A5B0}"
EndProject
Project("{2150E333-8FDC-42A3-9474-1A3956D46DE8}") = "test", "test", "{04DBDB01-70F4-4E06-B468-8F87850B22BE}"
EndProject
Project("{9A19103F-16F7-4668-BE54-9A1E7A4F7556}") = "MediaInAction.DelugeService.Application.Tests", "test\MediaInAction.DelugeService.Application.Tests\MediaInAction.DelugeService.Application.Tests.csproj", "{50B2631D-129C-47B3-A587-029CCD6099BC}"
EndProject
Project("{9A19103F-16F7-4668-BE54-9A1E7A4F7556}") = "MediaInAction.DelugeService.Domain.Shared", "src\MediaInAction.DelugeService.Domain.Shared\MediaInAction.DelugeService.Domain.Shared.csproj", "{42F719ED-8413-4895-B5B4-5AB56079BC66}"
EndProject
Project("{9A19103F-16F7-4668-BE54-9A1E7A4F7556}") = "MediaInAction.DelugeService.Application.Contracts", "src\MediaInAction.DelugeService.Application.Contracts\MediaInAction.DelugeService.Application.Contracts.csproj", "{520659C8-C734-4298-A3DA-B539DB9DFC0B}"
EndProject
Project("{9A19103F-16F7-4668-BE54-9A1E7A4F7556}") = "MediaInAction.DelugeService.HttpApi", "src\MediaInAction.DelugeService.HttpApi\MediaInAction.DelugeService.HttpApi.csproj", "{4164BDF7-F527-4E85-9CE6-E3C2D7426A27}"
EndProject
Project("{9A19103F-16F7-4668-BE54-9A1E7A4F7556}") = "MediaInAction.DelugeService.HttpApi.Client", "src\MediaInAction.DelugeService.HttpApi.Client\MediaInAction.DelugeService.HttpApi.Client.csproj", "{3B5A0094-670D-4BB1-BFDD-61B88A8773DC}"
EndProject
Project("{9A19103F-16F7-4668-BE54-9A1E7A4F7556}") = "MediaInAction.DelugeService.TestBase", "test\MediaInAction.DelugeService.TestBase\MediaInAction.DelugeService.TestBase.csproj", "{91853F21-9CD9-4132-BC29-A7D5D84FFFE7}"
EndProject
Project("{9A19103F-16F7-4668-BE54-9A1E7A4F7556}") = "MediaInAction.DelugeService.Domain.Tests", "test\MediaInAction.DelugeService.Domain.Tests\MediaInAction.DelugeService.Domain.Tests.csproj", "{E512F4D9-9375-480F-A2F6-A46509F9D824}"
EndProject
Project("{9A19103F-16F7-4668-BE54-9A1E7A4F7556}") = "MediaInAction.DelugeService.HttpApi.Host", "src\MediaInAction.DelugeService.HttpApi.Host\MediaInAction.DelugeService.HttpApi.Host.csproj", "{748584B1-BA69-4F6A-81AA-F4BDE6BCE29D}"
EndProject
Project("{2150E333-8FDC-42A3-9474-1A3956D46DE8}") = "libs", "libs", "{95A1AC42-0F8C-4B4F-BA91-8CDE796184C2}"
EndProject
Project("{FAE04EC0-301F-11D3-BF4B-00C04F79EFBC}") = "DelugeRPCClient.Net", "..\..\libs\DelugeRPCClient.Net\DelugeRPCClient.Net.csproj", "{73FE1203-8AF0-4729-8BD0-301D611EDDD2}"
EndProject
Project("{FAE04EC0-301F-11D3-BF4B-00C04F79EFBC}") = "MediaInAction.DelugeService.MongoDb", "src\MediaInAction.DelugeService.MongoDb\MediaInAction.DelugeService.MongoDb.csproj", "{51B963C8-FF30-42BB-AAD1-3DCA78003CC9}"
EndProject
Project("{FAE04EC0-301F-11D3-BF4B-00C04F79EFBC}") = "MediaInAction.DelugeService.BG.Workers", "src\MediaInAction.DelugeService.BG.Workers\MediaInAction.DelugeService.BG.Workers.csproj", "{53BD53F3-D56C-4240-91D3-02D4C26E319A}"
EndProject
Project("{FAE04EC0-301F-11D3-BF4B-00C04F79EFBC}") = "MediaInAction.DelugeService.Lib", "src\MediaInAction.DelugeService.Lib\MediaInAction.DelugeService.Lib.csproj", "{00DD553A-A962-4762-9903-DAFA48C9DFC8}"
EndProject
Project("{2150E333-8FDC-42A3-9474-1A3956D46DE8}") = "shared", "shared", "{9C48E39A-DEA0-4FCC-862A-3938DDC260C9}"
EndProject
Project("{FAE04EC0-301F-11D3-BF4B-00C04F79EFBC}") = "MediaInAction.Shared.Grpc", "..\..\shared\MediaInAction.Shared.Grpc\MediaInAction.Shared.Grpc.csproj", "{0A72BD6E-2292-45A3-9730-BC7DC6293076}"
EndProject
Project("{FAE04EC0-301F-11D3-BF4B-00C04F79EFBC}") = "MediaInAction.DelugeService.MongoDB.Tests", "test\MediaInAction.DelugeService.MongoDB.Tests\MediaInAction.DelugeService.MongoDB.Tests.csproj", "{C87524F8-C2F1-49AD-A295-2D6C2554391D}"
EndProject
Project("{FAE04EC0-301F-11D3-BF4B-00C04F79EFBC}") = "MediaInAction.Shared.Hosting.AspNetCore", "..\..\shared\MediaInAction.Shared.Hosting.AspNetCore\MediaInAction.Shared.Hosting.AspNetCore.csproj", "{B1436E03-1687-42FF-A320-CB7A7293670B}"
EndProject
Project("{FAE04EC0-301F-11D3-BF4B-00C04F79EFBC}") = "MediaInAction.Shared.Hosting.Microservices", "..\..\shared\MediaInAction.Shared.Hosting.Microservices\MediaInAction.Shared.Hosting.Microservices.csproj", "{FC48992A-E321-41C0-BD83-A2E5D2A33E14}"
EndProject
Global
	GlobalSection(SolutionConfigurationPlatforms) = preSolution
		Debug|Any CPU = Debug|Any CPU
		Release|Any CPU = Release|Any CPU
	EndGlobalSection
	GlobalSection(ProjectConfigurationPlatforms) = postSolution
		{554AD327-6DBA-4F8F-96F8-81CE7A0C863F}.Debug|Any CPU.ActiveCfg = Debug|Any CPU
		{554AD327-6DBA-4F8F-96F8-81CE7A0C863F}.Debug|Any CPU.Build.0 = Debug|Any CPU
		{554AD327-6DBA-4F8F-96F8-81CE7A0C863F}.Release|Any CPU.ActiveCfg = Release|Any CPU
		{554AD327-6DBA-4F8F-96F8-81CE7A0C863F}.Release|Any CPU.Build.0 = Release|Any CPU
		{1A94A50E-06DC-43C1-80B5-B662820EC3EB}.Debug|Any CPU.ActiveCfg = Debug|Any CPU
		{1A94A50E-06DC-43C1-80B5-B662820EC3EB}.Debug|Any CPU.Build.0 = Debug|Any CPU
		{1A94A50E-06DC-43C1-80B5-B662820EC3EB}.Release|Any CPU.ActiveCfg = Release|Any CPU
		{1A94A50E-06DC-43C1-80B5-B662820EC3EB}.Release|Any CPU.Build.0 = Release|Any CPU
		{50B2631D-129C-47B3-A587-029CCD6099BC}.Debug|Any CPU.ActiveCfg = Debug|Any CPU
		{50B2631D-129C-47B3-A587-029CCD6099BC}.Debug|Any CPU.Build.0 = Debug|Any CPU
		{50B2631D-129C-47B3-A587-029CCD6099BC}.Release|Any CPU.ActiveCfg = Release|Any CPU
		{50B2631D-129C-47B3-A587-029CCD6099BC}.Release|Any CPU.Build.0 = Release|Any CPU
		{42F719ED-8413-4895-B5B4-5AB56079BC66}.Debug|Any CPU.ActiveCfg = Debug|Any CPU
		{42F719ED-8413-4895-B5B4-5AB56079BC66}.Debug|Any CPU.Build.0 = Debug|Any CPU
		{42F719ED-8413-4895-B5B4-5AB56079BC66}.Release|Any CPU.ActiveCfg = Release|Any CPU
		{42F719ED-8413-4895-B5B4-5AB56079BC66}.Release|Any CPU.Build.0 = Release|Any CPU
		{520659C8-C734-4298-A3DA-B539DB9DFC0B}.Debug|Any CPU.ActiveCfg = Debug|Any CPU
		{520659C8-C734-4298-A3DA-B539DB9DFC0B}.Debug|Any CPU.Build.0 = Debug|Any CPU
		{520659C8-C734-4298-A3DA-B539DB9DFC0B}.Release|Any CPU.ActiveCfg = Release|Any CPU
		{520659C8-C734-4298-A3DA-B539DB9DFC0B}.Release|Any CPU.Build.0 = Release|Any CPU
		{4164BDF7-F527-4E85-9CE6-E3C2D7426A27}.Debug|Any CPU.ActiveCfg = Debug|Any CPU
		{4164BDF7-F527-4E85-9CE6-E3C2D7426A27}.Debug|Any CPU.Build.0 = Debug|Any CPU
		{4164BDF7-F527-4E85-9CE6-E3C2D7426A27}.Release|Any CPU.ActiveCfg = Release|Any CPU
		{4164BDF7-F527-4E85-9CE6-E3C2D7426A27}.Release|Any CPU.Build.0 = Release|Any CPU
		{3B5A0094-670D-4BB1-BFDD-61B88A8773DC}.Debug|Any CPU.ActiveCfg = Debug|Any CPU
		{3B5A0094-670D-4BB1-BFDD-61B88A8773DC}.Debug|Any CPU.Build.0 = Debug|Any CPU
		{3B5A0094-670D-4BB1-BFDD-61B88A8773DC}.Release|Any CPU.ActiveCfg = Release|Any CPU
		{3B5A0094-670D-4BB1-BFDD-61B88A8773DC}.Release|Any CPU.Build.0 = Release|Any CPU
		{91853F21-9CD9-4132-BC29-A7D5D84FFFE7}.Debug|Any CPU.ActiveCfg = Debug|Any CPU
		{91853F21-9CD9-4132-BC29-A7D5D84FFFE7}.Debug|Any CPU.Build.0 = Debug|Any CPU
		{91853F21-9CD9-4132-BC29-A7D5D84FFFE7}.Release|Any CPU.ActiveCfg = Release|Any CPU
		{91853F21-9CD9-4132-BC29-A7D5D84FFFE7}.Release|Any CPU.Build.0 = Release|Any CPU
		{E512F4D9-9375-480F-A2F6-A46509F9D824}.Debug|Any CPU.ActiveCfg = Debug|Any CPU
		{E512F4D9-9375-480F-A2F6-A46509F9D824}.Debug|Any CPU.Build.0 = Debug|Any CPU
		{E512F4D9-9375-480F-A2F6-A46509F9D824}.Release|Any CPU.ActiveCfg = Release|Any CPU
		{E512F4D9-9375-480F-A2F6-A46509F9D824}.Release|Any CPU.Build.0 = Release|Any CPU
		{748584B1-BA69-4F6A-81AA-F4BDE6BCE29D}.Debug|Any CPU.ActiveCfg = Debug|Any CPU
		{748584B1-BA69-4F6A-81AA-F4BDE6BCE29D}.Debug|Any CPU.Build.0 = Debug|Any CPU
		{748584B1-BA69-4F6A-81AA-F4BDE6BCE29D}.Release|Any CPU.ActiveCfg = Release|Any CPU
		{748584B1-BA69-4F6A-81AA-F4BDE6BCE29D}.Release|Any CPU.Build.0 = Release|Any CPU
		{73FE1203-8AF0-4729-8BD0-301D611EDDD2}.Debug|Any CPU.ActiveCfg = Debug|Any CPU
		{73FE1203-8AF0-4729-8BD0-301D611EDDD2}.Debug|Any CPU.Build.0 = Debug|Any CPU
		{73FE1203-8AF0-4729-8BD0-301D611EDDD2}.Release|Any CPU.ActiveCfg = Release|Any CPU
		{73FE1203-8AF0-4729-8BD0-301D611EDDD2}.Release|Any CPU.Build.0 = Release|Any CPU
		{51B963C8-FF30-42BB-AAD1-3DCA78003CC9}.Debug|Any CPU.ActiveCfg = Debug|Any CPU
		{51B963C8-FF30-42BB-AAD1-3DCA78003CC9}.Debug|Any CPU.Build.0 = Debug|Any CPU
		{51B963C8-FF30-42BB-AAD1-3DCA78003CC9}.Release|Any CPU.ActiveCfg = Release|Any CPU
		{51B963C8-FF30-42BB-AAD1-3DCA78003CC9}.Release|Any CPU.Build.0 = Release|Any CPU
		{53BD53F3-D56C-4240-91D3-02D4C26E319A}.Debug|Any CPU.ActiveCfg = Debug|Any CPU
		{53BD53F3-D56C-4240-91D3-02D4C26E319A}.Debug|Any CPU.Build.0 = Debug|Any CPU
		{53BD53F3-D56C-4240-91D3-02D4C26E319A}.Release|Any CPU.ActiveCfg = Release|Any CPU
		{53BD53F3-D56C-4240-91D3-02D4C26E319A}.Release|Any CPU.Build.0 = Release|Any CPU
		{00DD553A-A962-4762-9903-DAFA48C9DFC8}.Debug|Any CPU.ActiveCfg = Debug|Any CPU
		{00DD553A-A962-4762-9903-DAFA48C9DFC8}.Debug|Any CPU.Build.0 = Debug|Any CPU
		{00DD553A-A962-4762-9903-DAFA48C9DFC8}.Release|Any CPU.ActiveCfg = Release|Any CPU
		{00DD553A-A962-4762-9903-DAFA48C9DFC8}.Release|Any CPU.Build.0 = Release|Any CPU
		{0A72BD6E-2292-45A3-9730-BC7DC6293076}.Debug|Any CPU.ActiveCfg = Debug|Any CPU
		{0A72BD6E-2292-45A3-9730-BC7DC6293076}.Debug|Any CPU.Build.0 = Debug|Any CPU
		{0A72BD6E-2292-45A3-9730-BC7DC6293076}.Release|Any CPU.ActiveCfg = Release|Any CPU
		{0A72BD6E-2292-45A3-9730-BC7DC6293076}.Release|Any CPU.Build.0 = Release|Any CPU
		{C87524F8-C2F1-49AD-A295-2D6C2554391D}.Debug|Any CPU.ActiveCfg = Debug|Any CPU
		{C87524F8-C2F1-49AD-A295-2D6C2554391D}.Debug|Any CPU.Build.0 = Debug|Any CPU
		{C87524F8-C2F1-49AD-A295-2D6C2554391D}.Release|Any CPU.ActiveCfg = Release|Any CPU
		{C87524F8-C2F1-49AD-A295-2D6C2554391D}.Release|Any CPU.Build.0 = Release|Any CPU
		{B1436E03-1687-42FF-A320-CB7A7293670B}.Debug|Any CPU.ActiveCfg = Debug|Any CPU
		{B1436E03-1687-42FF-A320-CB7A7293670B}.Debug|Any CPU.Build.0 = Debug|Any CPU
		{B1436E03-1687-42FF-A320-CB7A7293670B}.Release|Any CPU.ActiveCfg = Release|Any CPU
		{B1436E03-1687-42FF-A320-CB7A7293670B}.Release|Any CPU.Build.0 = Release|Any CPU
		{FC48992A-E321-41C0-BD83-A2E5D2A33E14}.Debug|Any CPU.ActiveCfg = Debug|Any CPU
		{FC48992A-E321-41C0-BD83-A2E5D2A33E14}.Debug|Any CPU.Build.0 = Debug|Any CPU
		{FC48992A-E321-41C0-BD83-A2E5D2A33E14}.Release|Any CPU.ActiveCfg = Release|Any CPU
		{FC48992A-E321-41C0-BD83-A2E5D2A33E14}.Release|Any CPU.Build.0 = Release|Any CPU
	EndGlobalSection
	GlobalSection(SolutionProperties) = preSolution
		HideSolutionNode = FALSE
	EndGlobalSection
	GlobalSection(NestedProjects) = preSolution
		{554AD327-6DBA-4F8F-96F8-81CE7A0C863F} = {CA9AC87F-097E-4F15-8393-4BC07735A5B0}
		{1A94A50E-06DC-43C1-80B5-B662820EC3EB} = {CA9AC87F-097E-4F15-8393-4BC07735A5B0}
		{50B2631D-129C-47B3-A587-029CCD6099BC} = {04DBDB01-70F4-4E06-B468-8F87850B22BE}
		{42F719ED-8413-4895-B5B4-5AB56079BC66} = {CA9AC87F-097E-4F15-8393-4BC07735A5B0}
		{520659C8-C734-4298-A3DA-B539DB9DFC0B} = {CA9AC87F-097E-4F15-8393-4BC07735A5B0}
		{4164BDF7-F527-4E85-9CE6-E3C2D7426A27} = {CA9AC87F-097E-4F15-8393-4BC07735A5B0}
		{3B5A0094-670D-4BB1-BFDD-61B88A8773DC} = {CA9AC87F-097E-4F15-8393-4BC07735A5B0}
		{91853F21-9CD9-4132-BC29-A7D5D84FFFE7} = {04DBDB01-70F4-4E06-B468-8F87850B22BE}
		{E512F4D9-9375-480F-A2F6-A46509F9D824} = {04DBDB01-70F4-4E06-B468-8F87850B22BE}
		{748584B1-BA69-4F6A-81AA-F4BDE6BCE29D} = {CA9AC87F-097E-4F15-8393-4BC07735A5B0}
		{73FE1203-8AF0-4729-8BD0-301D611EDDD2} = {95A1AC42-0F8C-4B4F-BA91-8CDE796184C2}
		{51B963C8-FF30-42BB-AAD1-3DCA78003CC9} = {CA9AC87F-097E-4F15-8393-4BC07735A5B0}
		{53BD53F3-D56C-4240-91D3-02D4C26E319A} = {CA9AC87F-097E-4F15-8393-4BC07735A5B0}
		{00DD553A-A962-4762-9903-DAFA48C9DFC8} = {CA9AC87F-097E-4F15-8393-4BC07735A5B0}
		{0A72BD6E-2292-45A3-9730-BC7DC6293076} = {9C48E39A-DEA0-4FCC-862A-3938DDC260C9}
		{C87524F8-C2F1-49AD-A295-2D6C2554391D} = {04DBDB01-70F4-4E06-B468-8F87850B22BE}
		{B1436E03-1687-42FF-A320-CB7A7293670B} = {9C48E39A-DEA0-4FCC-862A-3938DDC260C9}
		{FC48992A-E321-41C0-BD83-A2E5D2A33E14} = {9C48E39A-DEA0-4FCC-862A-3938DDC260C9}
	EndGlobalSection
	GlobalSection(ExtensibilityGlobals) = postSolution
		SolutionGuid = {6AAFA1C6-603E-13FA-45E5-7910AA9F661D}
	EndGlobalSection
EndGlobal
